
Microsoft Visual Studio Solution File, Format Version 12.00
# Visual Studio 15
VisualStudioVersion = 15.0.27130.2020
MinimumVisualStudioVersion = 10.0.40219.1
Project("{8BC9CEB8-8B4A-11D0-8D11-00A0C91BC942}") = "wot-stream", "wot-stream\wot-stream.vcxproj", "{D9EF1CE0-C30A-45A3-8446-F58B8299251B}"
EndProject
Project("{2150E333-8FDC-42A3-9474-1A3956D46DE8}") = "_solution-items", "_solution-items", "{71AE282F-A825-4776-83BB-AE615C4DA190}"
	ProjectSection(SolutionItems) = preProject
		..\.gitignore = ..\.gitignore
		..\README.md = ..\README.md
	EndProjectSection
EndProject
Project("{2150E333-8FDC-42A3-9474-1A3956D46DE8}") = "plugins", "plugins", "{84C50E87-39DA-40A3-8A0A-D0559508C061}"
EndProject
Project("{8BC9CEB8-8B4A-11D0-8D11-00A0C91BC942}") = "blake2", "obs-no-gui\deps\blake2\blake2.vcxproj", "{5C961872-A233-3812-B1B6-CDE48B99D335}"
EndProject
Project("{2150E333-8FDC-42A3-9474-1A3956D46DE8}") = "deps", "deps", "{C6218D73-19D9-4400-A20B-525A92BD39D8}"
EndProject
Project("{8BC9CEB8-8B4A-11D0-8D11-00A0C91BC942}") = "coreaudio-encoder", "obs-no-gui\plugins\coreaudio-encoder\coreaudio-encoder.vcxproj", "{57BF5796-8276-3D23-A74E-0B91363C9FA9}"
EndProject
Project("{8BC9CEB8-8B4A-11D0-8D11-00A0C91BC942}") = "ffmpeg-mux", "obs-no-gui\plugins\obs-ffmpeg\ffmpeg-mux\ffmpeg-mux.vcxproj", "{66B385CB-7447-3C10-8139-DAFEDC881D69}"
EndProject
Project("{8BC9CEB8-8B4A-11D0-8D11-00A0C91BC942}") = "file-updater", "obs-no-gui\deps\file-updater\file-updater.vcxproj", "{5927365F-3EEF-3B3D-9284-1BA2398BA10E}"
EndProject
Project("{2150E333-8FDC-42A3-9474-1A3956D46DE8}") = "win-capture", "win-capture", "{46E52240-6058-4D33-8B8D-9B883CB38D85}"
EndProject
Project("{8BC9CEB8-8B4A-11D0-8D11-00A0C91BC942}") = "get-graphics-offsets", "obs-no-gui\plugins\win-capture\get-graphics-offsets\get-graphics-offsets.vcxproj", "{199B41BB-99C8-3943-AAB8-85AE0530430D}"
EndProject
Project("{8BC9CEB8-8B4A-11D0-8D11-00A0C91BC942}") = "glad", "obs-no-gui\deps\glad\glad.vcxproj", "{47921E54-8689-35F3-BC2F-373C6F7CCE1F}"
EndProject
Project("{8BC9CEB8-8B4A-11D0-8D11-00A0C91BC942}") = "graphics-hook", "obs-no-gui\plugins\win-capture\graphics-hook\graphics-hook.vcxproj", "{03E513F9-9979-35A2-8BC7-767A878BF3D0}"
EndProject
Project("{8BC9CEB8-8B4A-11D0-8D11-00A0C91BC942}") = "image-source", "obs-no-gui\plugins\image-source\image-source.vcxproj", "{EF73021B-A457-3E4A-8274-40359D9D043A}"
EndProject
Project("{8BC9CEB8-8B4A-11D0-8D11-00A0C91BC942}") = "inject-helper", "obs-no-gui\plugins\win-capture\inject-helper\inject-helper.vcxproj", "{F636B024-38E3-3035-8A11-B5288B23282A}"
EndProject
Project("{8BC9CEB8-8B4A-11D0-8D11-00A0C91BC942}") = "ipc-util", "obs-no-gui\deps\ipc-util\ipc-util.vcxproj", "{AD9B9658-B864-3FAA-B23F-9912E1F180A4}"
EndProject
Project("{8BC9CEB8-8B4A-11D0-8D11-00A0C91BC942}") = "jansson", "obs-no-gui\deps\jansson\jansson.vcxproj", "{D93594E1-92BD-3875-909B-846F953ABA48}"
EndProject
Project("{2150E333-8FDC-42A3-9474-1A3956D46DE8}") = "obs", "obs", "{83D1B44B-D6A6-4841-94A5-5046D3EAA12F}"
EndProject
Project("{8BC9CEB8-8B4A-11D0-8D11-00A0C91BC942}") = "libobs", "obs-no-gui\libobs\libobs.vcxproj", "{E029F668-AE75-37BD-AE4F-8401388E6FCA}"
EndProject
Project("{8BC9CEB8-8B4A-11D0-8D11-00A0C91BC942}") = "libobs-d3d11", "obs-no-gui\libobs-d3d11\libobs-d3d11.vcxproj", "{012DDDF0-825E-3CBD-9EC7-14B7BA129716}"
EndProject
Project("{8BC9CEB8-8B4A-11D0-8D11-00A0C91BC942}") = "libobs-opengl", "obs-no-gui\libobs-opengl\libobs-opengl.vcxproj", "{1167B74D-08C6-305B-8802-9504D436A297}"
EndProject
Project("{8BC9CEB8-8B4A-11D0-8D11-00A0C91BC942}") = "lzma", "obs-no-gui\deps\lzma\lzma.vcxproj", "{EEB91633-364E-3A11-A53A-253FA4FE5D36}"
EndProject
Project("{8BC9CEB8-8B4A-11D0-8D11-00A0C91BC942}") = "media-playback", "obs-no-gui\deps\media-playback\media-playback.vcxproj", "{D50CEF81-DB3D-34C3-BA9E-E65C55F657EB}"
EndProject
Project("{8BC9CEB8-8B4A-11D0-8D11-00A0C91BC942}") = "obs-ffmpeg", "obs-no-gui\plugins\obs-ffmpeg\obs-ffmpeg.vcxproj", "{729FEFF1-FE34-3F83-A727-CA96C977F88E}"
EndProject
Project("{2150E333-8FDC-42A3-9474-1A3956D46DE8}") = "obs-ffmpeg", "obs-ffmpeg", "{1AC7A70A-CA95-43EF-91F0-59CAF2A1AAA7}"
EndProject
Project("{8BC9CEB8-8B4A-11D0-8D11-00A0C91BC942}") = "obs-filters", "obs-no-gui\plugins\obs-filters\obs-filters.vcxproj", "{EA3C242B-A956-3F63-BF93-621FEB3BBAB3}"
EndProject
Project("{8BC9CEB8-8B4A-11D0-8D11-00A0C91BC942}") = "obs-frontend-api", "obs-no-gui\UI\obs-frontend-api\obs-frontend-api.vcxproj", "{230E3E55-0438-36B5-8964-2DEE61BDAED6}"
EndProject
Project("{8BC9CEB8-8B4A-11D0-8D11-00A0C91BC942}") = "obs-outputs", "obs-no-gui\plugins\obs-outputs\obs-outputs.vcxproj", "{2B91D5FD-90BF-3ADE-96D9-BB416AC3EF27}"
EndProject
Project("{8BC9CEB8-8B4A-11D0-8D11-00A0C91BC942}") = "obs-qsv11", "obs-no-gui\plugins\obs-qsv11\obs-qsv11.vcxproj", "{859BC440-D119-3C7A-A5FF-0FC063C8B298}"
EndProject
Project("{8BC9CEB8-8B4A-11D0-8D11-00A0C91BC942}") = "obs-text", "obs-no-gui\plugins\obs-text\obs-text.vcxproj", "{B7D84A6A-277A-31EA-BDCA-B68FDA897A63}"
EndProject
Project("{8BC9CEB8-8B4A-11D0-8D11-00A0C91BC942}") = "obs-transitions", "obs-no-gui\plugins\obs-transitions\obs-transitions.vcxproj", "{B7F59238-337F-3001-8731-1E7F9ABFC732}"
EndProject
Project("{8BC9CEB8-8B4A-11D0-8D11-00A0C91BC942}") = "obs-x264", "obs-no-gui\plugins\obs-x264\obs-x264.vcxproj", "{20E6C88F-715F-3203-A6FB-E496DBDDC7BC}"
EndProject
Project("{8BC9CEB8-8B4A-11D0-8D11-00A0C91BC942}") = "rtmp-services", "obs-no-gui\plugins\rtmp-services\rtmp-services.vcxproj", "{0DD090AA-E54E-31F9-834C-46168024BCA1}"
EndProject
Project("{8BC9CEB8-8B4A-11D0-8D11-00A0C91BC942}") = "text-freetype2", "obs-no-gui\plugins\text-freetype2\text-freetype2.vcxproj", "{7E9CDD93-BC2E-33E8-973C-76F9788B2A39}"
EndProject
Project("{8BC9CEB8-8B4A-11D0-8D11-00A0C91BC942}") = "w32-pthreads", "obs-no-gui\deps\w32-pthreads\w32-pthreads.vcxproj", "{B50EC835-D2F1-3919-AF8F-EDC814834264}"
EndProject
Project("{8BC9CEB8-8B4A-11D0-8D11-00A0C91BC942}") = "win-capture", "obs-no-gui\plugins\win-capture\win-capture.vcxproj", "{65D1C1BB-C690-34DC-B462-EA2FF4E5DE4B}"
EndProject
Project("{8BC9CEB8-8B4A-11D0-8D11-00A0C91BC942}") = "win-decklink", "obs-no-gui\plugins\decklink\win\win-decklink.vcxproj", "{A29FDEB4-B342-39F4-8068-2607C9D0C544}"
EndProject
Project("{8BC9CEB8-8B4A-11D0-8D11-00A0C91BC942}") = "win-mf", "obs-no-gui\plugins\win-mf\win-mf.vcxproj", "{001D3B03-D659-36F4-A764-164B3499C588}"
EndProject
Project("{8BC9CEB8-8B4A-11D0-8D11-00A0C91BC942}") = "win-wasapi", "obs-no-gui\plugins\win-wasapi\win-wasapi.vcxproj", "{CDFCB0A5-2912-3E5F-B3B2-2A63134B2965}"
EndProject
Global
	GlobalSection(SolutionConfigurationPlatforms) = preSolution
		Debug|x64 = Debug|x64
		Debug|x86 = Debug|x86
		MinSizeRel|x64 = MinSizeRel|x64
		MinSizeRel|x86 = MinSizeRel|x86
		Release|x64 = Release|x64
		Release|x86 = Release|x86
		RelWithDebInfo|x64 = RelWithDebInfo|x64
		RelWithDebInfo|x86 = RelWithDebInfo|x86
	EndGlobalSection
	GlobalSection(ProjectConfigurationPlatforms) = postSolution
		{D9EF1CE0-C30A-45A3-8446-F58B8299251B}.Debug|x64.ActiveCfg = Debug|x64
		{D9EF1CE0-C30A-45A3-8446-F58B8299251B}.Debug|x64.Build.0 = Debug|x64
		{D9EF1CE0-C30A-45A3-8446-F58B8299251B}.Debug|x86.ActiveCfg = Debug|Win32
		{D9EF1CE0-C30A-45A3-8446-F58B8299251B}.Debug|x86.Build.0 = Debug|Win32
		{D9EF1CE0-C30A-45A3-8446-F58B8299251B}.MinSizeRel|x64.ActiveCfg = Release|x64
		{D9EF1CE0-C30A-45A3-8446-F58B8299251B}.MinSizeRel|x64.Build.0 = Release|x64
		{D9EF1CE0-C30A-45A3-8446-F58B8299251B}.MinSizeRel|x86.ActiveCfg = Release|Win32
		{D9EF1CE0-C30A-45A3-8446-F58B8299251B}.MinSizeRel|x86.Build.0 = Release|Win32
		{D9EF1CE0-C30A-45A3-8446-F58B8299251B}.Release|x64.ActiveCfg = Release|x64
		{D9EF1CE0-C30A-45A3-8446-F58B8299251B}.Release|x64.Build.0 = Release|x64
		{D9EF1CE0-C30A-45A3-8446-F58B8299251B}.Release|x86.ActiveCfg = Release|Win32
		{D9EF1CE0-C30A-45A3-8446-F58B8299251B}.Release|x86.Build.0 = Release|Win32
		{D9EF1CE0-C30A-45A3-8446-F58B8299251B}.RelWithDebInfo|x64.ActiveCfg = Release|x64
		{D9EF1CE0-C30A-45A3-8446-F58B8299251B}.RelWithDebInfo|x64.Build.0 = Release|x64
		{D9EF1CE0-C30A-45A3-8446-F58B8299251B}.RelWithDebInfo|x86.ActiveCfg = Release|Win32
		{D9EF1CE0-C30A-45A3-8446-F58B8299251B}.RelWithDebInfo|x86.Build.0 = Release|Win32
		{5C961872-A233-3812-B1B6-CDE48B99D335}.Debug|x64.ActiveCfg = Debug|Win32
		{5C961872-A233-3812-B1B6-CDE48B99D335}.Debug|x86.ActiveCfg = Debug|Win32
		{5C961872-A233-3812-B1B6-CDE48B99D335}.Debug|x86.Build.0 = Debug|Win32
		{5C961872-A233-3812-B1B6-CDE48B99D335}.MinSizeRel|x64.ActiveCfg = MinSizeRel|Win32
		{5C961872-A233-3812-B1B6-CDE48B99D335}.MinSizeRel|x86.ActiveCfg = MinSizeRel|Win32
		{5C961872-A233-3812-B1B6-CDE48B99D335}.MinSizeRel|x86.Build.0 = MinSizeRel|Win32
		{5C961872-A233-3812-B1B6-CDE48B99D335}.Release|x64.ActiveCfg = Release|Win32
		{5C961872-A233-3812-B1B6-CDE48B99D335}.Release|x86.ActiveCfg = Release|Win32
		{5C961872-A233-3812-B1B6-CDE48B99D335}.Release|x86.Build.0 = Release|Win32
		{5C961872-A233-3812-B1B6-CDE48B99D335}.RelWithDebInfo|x64.ActiveCfg = RelWithDebInfo|Win32
		{5C961872-A233-3812-B1B6-CDE48B99D335}.RelWithDebInfo|x86.ActiveCfg = RelWithDebInfo|Win32
		{5C961872-A233-3812-B1B6-CDE48B99D335}.RelWithDebInfo|x86.Build.0 = RelWithDebInfo|Win32
		{57BF5796-8276-3D23-A74E-0B91363C9FA9}.Debug|x64.ActiveCfg = Debug|Win32
		{57BF5796-8276-3D23-A74E-0B91363C9FA9}.Debug|x86.ActiveCfg = Debug|Win32
		{57BF5796-8276-3D23-A74E-0B91363C9FA9}.Debug|x86.Build.0 = Debug|Win32
		{57BF5796-8276-3D23-A74E-0B91363C9FA9}.MinSizeRel|x64.ActiveCfg = MinSizeRel|Win32
		{57BF5796-8276-3D23-A74E-0B91363C9FA9}.MinSizeRel|x86.ActiveCfg = MinSizeRel|Win32
		{57BF5796-8276-3D23-A74E-0B91363C9FA9}.MinSizeRel|x86.Build.0 = MinSizeRel|Win32
		{57BF5796-8276-3D23-A74E-0B91363C9FA9}.Release|x64.ActiveCfg = Release|Win32
		{57BF5796-8276-3D23-A74E-0B91363C9FA9}.Release|x86.ActiveCfg = Release|Win32
		{57BF5796-8276-3D23-A74E-0B91363C9FA9}.Release|x86.Build.0 = Release|Win32
		{57BF5796-8276-3D23-A74E-0B91363C9FA9}.RelWithDebInfo|x64.ActiveCfg = RelWithDebInfo|Win32
		{57BF5796-8276-3D23-A74E-0B91363C9FA9}.RelWithDebInfo|x86.ActiveCfg = RelWithDebInfo|Win32
		{57BF5796-8276-3D23-A74E-0B91363C9FA9}.RelWithDebInfo|x86.Build.0 = RelWithDebInfo|Win32
		{66B385CB-7447-3C10-8139-DAFEDC881D69}.Debug|x64.ActiveCfg = Debug|Win32
		{66B385CB-7447-3C10-8139-DAFEDC881D69}.Debug|x86.ActiveCfg = Debug|Win32
		{66B385CB-7447-3C10-8139-DAFEDC881D69}.Debug|x86.Build.0 = Debug|Win32
		{66B385CB-7447-3C10-8139-DAFEDC881D69}.MinSizeRel|x64.ActiveCfg = MinSizeRel|Win32
		{66B385CB-7447-3C10-8139-DAFEDC881D69}.MinSizeRel|x86.ActiveCfg = MinSizeRel|Win32
		{66B385CB-7447-3C10-8139-DAFEDC881D69}.MinSizeRel|x86.Build.0 = MinSizeRel|Win32
		{66B385CB-7447-3C10-8139-DAFEDC881D69}.Release|x64.ActiveCfg = Release|Win32
		{66B385CB-7447-3C10-8139-DAFEDC881D69}.Release|x86.ActiveCfg = Release|Win32
		{66B385CB-7447-3C10-8139-DAFEDC881D69}.Release|x86.Build.0 = Release|Win32
		{66B385CB-7447-3C10-8139-DAFEDC881D69}.RelWithDebInfo|x64.ActiveCfg = RelWithDebInfo|Win32
		{66B385CB-7447-3C10-8139-DAFEDC881D69}.RelWithDebInfo|x86.ActiveCfg = RelWithDebInfo|Win32
		{66B385CB-7447-3C10-8139-DAFEDC881D69}.RelWithDebInfo|x86.Build.0 = RelWithDebInfo|Win32
		{5927365F-3EEF-3B3D-9284-1BA2398BA10E}.Debug|x64.ActiveCfg = Debug|Win32
		{5927365F-3EEF-3B3D-9284-1BA2398BA10E}.Debug|x86.ActiveCfg = Debug|Win32
		{5927365F-3EEF-3B3D-9284-1BA2398BA10E}.Debug|x86.Build.0 = Debug|Win32
		{5927365F-3EEF-3B3D-9284-1BA2398BA10E}.MinSizeRel|x64.ActiveCfg = MinSizeRel|Win32
		{5927365F-3EEF-3B3D-9284-1BA2398BA10E}.MinSizeRel|x86.ActiveCfg = MinSizeRel|Win32
		{5927365F-3EEF-3B3D-9284-1BA2398BA10E}.MinSizeRel|x86.Build.0 = MinSizeRel|Win32
		{5927365F-3EEF-3B3D-9284-1BA2398BA10E}.Release|x64.ActiveCfg = Release|Win32
		{5927365F-3EEF-3B3D-9284-1BA2398BA10E}.Release|x86.ActiveCfg = Release|Win32
		{5927365F-3EEF-3B3D-9284-1BA2398BA10E}.Release|x86.Build.0 = Release|Win32
		{5927365F-3EEF-3B3D-9284-1BA2398BA10E}.RelWithDebInfo|x64.ActiveCfg = RelWithDebInfo|Win32
		{5927365F-3EEF-3B3D-9284-1BA2398BA10E}.RelWithDebInfo|x86.ActiveCfg = RelWithDebInfo|Win32
		{5927365F-3EEF-3B3D-9284-1BA2398BA10E}.RelWithDebInfo|x86.Build.0 = RelWithDebInfo|Win32
		{199B41BB-99C8-3943-AAB8-85AE0530430D}.Debug|x64.ActiveCfg = Debug|Win32
		{199B41BB-99C8-3943-AAB8-85AE0530430D}.Debug|x86.ActiveCfg = Debug|Win32
		{199B41BB-99C8-3943-AAB8-85AE0530430D}.Debug|x86.Build.0 = Debug|Win32
		{199B41BB-99C8-3943-AAB8-85AE0530430D}.MinSizeRel|x64.ActiveCfg = MinSizeRel|Win32
		{199B41BB-99C8-3943-AAB8-85AE0530430D}.MinSizeRel|x86.ActiveCfg = MinSizeRel|Win32
		{199B41BB-99C8-3943-AAB8-85AE0530430D}.MinSizeRel|x86.Build.0 = MinSizeRel|Win32
		{199B41BB-99C8-3943-AAB8-85AE0530430D}.Release|x64.ActiveCfg = Release|Win32
		{199B41BB-99C8-3943-AAB8-85AE0530430D}.Release|x86.ActiveCfg = Release|Win32
		{199B41BB-99C8-3943-AAB8-85AE0530430D}.Release|x86.Build.0 = Release|Win32
		{199B41BB-99C8-3943-AAB8-85AE0530430D}.RelWithDebInfo|x64.ActiveCfg = RelWithDebInfo|Win32
		{199B41BB-99C8-3943-AAB8-85AE0530430D}.RelWithDebInfo|x86.ActiveCfg = RelWithDebInfo|Win32
		{199B41BB-99C8-3943-AAB8-85AE0530430D}.RelWithDebInfo|x86.Build.0 = RelWithDebInfo|Win32
		{47921E54-8689-35F3-BC2F-373C6F7CCE1F}.Debug|x64.ActiveCfg = Debug|Win32
		{47921E54-8689-35F3-BC2F-373C6F7CCE1F}.Debug|x86.ActiveCfg = Debug|Win32
		{47921E54-8689-35F3-BC2F-373C6F7CCE1F}.Debug|x86.Build.0 = Debug|Win32
		{47921E54-8689-35F3-BC2F-373C6F7CCE1F}.MinSizeRel|x64.ActiveCfg = MinSizeRel|Win32
		{47921E54-8689-35F3-BC2F-373C6F7CCE1F}.MinSizeRel|x86.ActiveCfg = MinSizeRel|Win32
		{47921E54-8689-35F3-BC2F-373C6F7CCE1F}.MinSizeRel|x86.Build.0 = MinSizeRel|Win32
		{47921E54-8689-35F3-BC2F-373C6F7CCE1F}.Release|x64.ActiveCfg = Release|Win32
		{47921E54-8689-35F3-BC2F-373C6F7CCE1F}.Release|x86.ActiveCfg = Release|Win32
		{47921E54-8689-35F3-BC2F-373C6F7CCE1F}.Release|x86.Build.0 = Release|Win32
		{47921E54-8689-35F3-BC2F-373C6F7CCE1F}.RelWithDebInfo|x64.ActiveCfg = RelWithDebInfo|Win32
		{47921E54-8689-35F3-BC2F-373C6F7CCE1F}.RelWithDebInfo|x86.ActiveCfg = RelWithDebInfo|Win32
		{47921E54-8689-35F3-BC2F-373C6F7CCE1F}.RelWithDebInfo|x86.Build.0 = RelWithDebInfo|Win32
		{03E513F9-9979-35A2-8BC7-767A878BF3D0}.Debug|x64.ActiveCfg = Debug|Win32
		{03E513F9-9979-35A2-8BC7-767A878BF3D0}.Debug|x86.ActiveCfg = Debug|Win32
		{03E513F9-9979-35A2-8BC7-767A878BF3D0}.Debug|x86.Build.0 = Debug|Win32
		{03E513F9-9979-35A2-8BC7-767A878BF3D0}.MinSizeRel|x64.ActiveCfg = MinSizeRel|Win32
		{03E513F9-9979-35A2-8BC7-767A878BF3D0}.MinSizeRel|x86.ActiveCfg = MinSizeRel|Win32
		{03E513F9-9979-35A2-8BC7-767A878BF3D0}.MinSizeRel|x86.Build.0 = MinSizeRel|Win32
		{03E513F9-9979-35A2-8BC7-767A878BF3D0}.Release|x64.ActiveCfg = Release|Win32
		{03E513F9-9979-35A2-8BC7-767A878BF3D0}.Release|x86.ActiveCfg = Release|Win32
		{03E513F9-9979-35A2-8BC7-767A878BF3D0}.Release|x86.Build.0 = Release|Win32
		{03E513F9-9979-35A2-8BC7-767A878BF3D0}.RelWithDebInfo|x64.ActiveCfg = RelWithDebInfo|Win32
		{03E513F9-9979-35A2-8BC7-767A878BF3D0}.RelWithDebInfo|x86.ActiveCfg = RelWithDebInfo|Win32
		{03E513F9-9979-35A2-8BC7-767A878BF3D0}.RelWithDebInfo|x86.Build.0 = RelWithDebInfo|Win32
		{EF73021B-A457-3E4A-8274-40359D9D043A}.Debug|x64.ActiveCfg = Debug|Win32
		{EF73021B-A457-3E4A-8274-40359D9D043A}.Debug|x86.ActiveCfg = Debug|Win32
		{EF73021B-A457-3E4A-8274-40359D9D043A}.Debug|x86.Build.0 = Debug|Win32
		{EF73021B-A457-3E4A-8274-40359D9D043A}.MinSizeRel|x64.ActiveCfg = MinSizeRel|Win32
		{EF73021B-A457-3E4A-8274-40359D9D043A}.MinSizeRel|x86.ActiveCfg = MinSizeRel|Win32
		{EF73021B-A457-3E4A-8274-40359D9D043A}.MinSizeRel|x86.Build.0 = MinSizeRel|Win32
		{EF73021B-A457-3E4A-8274-40359D9D043A}.Release|x64.ActiveCfg = Release|Win32
		{EF73021B-A457-3E4A-8274-40359D9D043A}.Release|x86.ActiveCfg = Release|Win32
		{EF73021B-A457-3E4A-8274-40359D9D043A}.Release|x86.Build.0 = Release|Win32
		{EF73021B-A457-3E4A-8274-40359D9D043A}.RelWithDebInfo|x64.ActiveCfg = RelWithDebInfo|Win32
		{EF73021B-A457-3E4A-8274-40359D9D043A}.RelWithDebInfo|x86.ActiveCfg = RelWithDebInfo|Win32
		{EF73021B-A457-3E4A-8274-40359D9D043A}.RelWithDebInfo|x86.Build.0 = RelWithDebInfo|Win32
		{F636B024-38E3-3035-8A11-B5288B23282A}.Debug|x64.ActiveCfg = Debug|Win32
		{F636B024-38E3-3035-8A11-B5288B23282A}.Debug|x86.ActiveCfg = Debug|Win32
		{F636B024-38E3-3035-8A11-B5288B23282A}.Debug|x86.Build.0 = Debug|Win32
		{F636B024-38E3-3035-8A11-B5288B23282A}.MinSizeRel|x64.ActiveCfg = MinSizeRel|Win32
		{F636B024-38E3-3035-8A11-B5288B23282A}.MinSizeRel|x86.ActiveCfg = MinSizeRel|Win32
		{F636B024-38E3-3035-8A11-B5288B23282A}.MinSizeRel|x86.Build.0 = MinSizeRel|Win32
		{F636B024-38E3-3035-8A11-B5288B23282A}.Release|x64.ActiveCfg = Release|Win32
		{F636B024-38E3-3035-8A11-B5288B23282A}.Release|x86.ActiveCfg = Release|Win32
		{F636B024-38E3-3035-8A11-B5288B23282A}.Release|x86.Build.0 = Release|Win32
		{F636B024-38E3-3035-8A11-B5288B23282A}.RelWithDebInfo|x64.ActiveCfg = RelWithDebInfo|Win32
		{F636B024-38E3-3035-8A11-B5288B23282A}.RelWithDebInfo|x86.ActiveCfg = RelWithDebInfo|Win32
		{F636B024-38E3-3035-8A11-B5288B23282A}.RelWithDebInfo|x86.Build.0 = RelWithDebInfo|Win32
		{AD9B9658-B864-3FAA-B23F-9912E1F180A4}.Debug|x64.ActiveCfg = Debug|Win32
		{AD9B9658-B864-3FAA-B23F-9912E1F180A4}.Debug|x86.ActiveCfg = Debug|Win32
		{AD9B9658-B864-3FAA-B23F-9912E1F180A4}.Debug|x86.Build.0 = Debug|Win32
		{AD9B9658-B864-3FAA-B23F-9912E1F180A4}.MinSizeRel|x64.ActiveCfg = MinSizeRel|Win32
		{AD9B9658-B864-3FAA-B23F-9912E1F180A4}.MinSizeRel|x86.ActiveCfg = MinSizeRel|Win32
		{AD9B9658-B864-3FAA-B23F-9912E1F180A4}.MinSizeRel|x86.Build.0 = MinSizeRel|Win32
		{AD9B9658-B864-3FAA-B23F-9912E1F180A4}.Release|x64.ActiveCfg = Release|Win32
		{AD9B9658-B864-3FAA-B23F-9912E1F180A4}.Release|x86.ActiveCfg = Release|Win32
		{AD9B9658-B864-3FAA-B23F-9912E1F180A4}.Release|x86.Build.0 = Release|Win32
		{AD9B9658-B864-3FAA-B23F-9912E1F180A4}.RelWithDebInfo|x64.ActiveCfg = RelWithDebInfo|Win32
		{AD9B9658-B864-3FAA-B23F-9912E1F180A4}.RelWithDebInfo|x86.ActiveCfg = RelWithDebInfo|Win32
		{AD9B9658-B864-3FAA-B23F-9912E1F180A4}.RelWithDebInfo|x86.Build.0 = RelWithDebInfo|Win32
		{D93594E1-92BD-3875-909B-846F953ABA48}.Debug|x64.ActiveCfg = Debug|Win32
		{D93594E1-92BD-3875-909B-846F953ABA48}.Debug|x86.ActiveCfg = Debug|Win32
		{D93594E1-92BD-3875-909B-846F953ABA48}.Debug|x86.Build.0 = Debug|Win32
		{D93594E1-92BD-3875-909B-846F953ABA48}.MinSizeRel|x64.ActiveCfg = MinSizeRel|Win32
		{D93594E1-92BD-3875-909B-846F953ABA48}.MinSizeRel|x86.ActiveCfg = MinSizeRel|Win32
		{D93594E1-92BD-3875-909B-846F953ABA48}.MinSizeRel|x86.Build.0 = MinSizeRel|Win32
		{D93594E1-92BD-3875-909B-846F953ABA48}.Release|x64.ActiveCfg = Release|Win32
		{D93594E1-92BD-3875-909B-846F953ABA48}.Release|x86.ActiveCfg = Release|Win32
		{D93594E1-92BD-3875-909B-846F953ABA48}.Release|x86.Build.0 = Release|Win32
		{D93594E1-92BD-3875-909B-846F953ABA48}.RelWithDebInfo|x64.ActiveCfg = RelWithDebInfo|Win32
		{D93594E1-92BD-3875-909B-846F953ABA48}.RelWithDebInfo|x86.ActiveCfg = RelWithDebInfo|Win32
		{D93594E1-92BD-3875-909B-846F953ABA48}.RelWithDebInfo|x86.Build.0 = RelWithDebInfo|Win32
		{E029F668-AE75-37BD-AE4F-8401388E6FCA}.Debug|x64.ActiveCfg = Debug|Win32
		{E029F668-AE75-37BD-AE4F-8401388E6FCA}.Debug|x86.ActiveCfg = Debug|Win32
		{E029F668-AE75-37BD-AE4F-8401388E6FCA}.Debug|x86.Build.0 = Debug|Win32
		{E029F668-AE75-37BD-AE4F-8401388E6FCA}.MinSizeRel|x64.ActiveCfg = MinSizeRel|Win32
		{E029F668-AE75-37BD-AE4F-8401388E6FCA}.MinSizeRel|x86.ActiveCfg = MinSizeRel|Win32
		{E029F668-AE75-37BD-AE4F-8401388E6FCA}.MinSizeRel|x86.Build.0 = MinSizeRel|Win32
		{E029F668-AE75-37BD-AE4F-8401388E6FCA}.Release|x64.ActiveCfg = Release|Win32
		{E029F668-AE75-37BD-AE4F-8401388E6FCA}.Release|x86.ActiveCfg = Release|Win32
		{E029F668-AE75-37BD-AE4F-8401388E6FCA}.Release|x86.Build.0 = Release|Win32
		{E029F668-AE75-37BD-AE4F-8401388E6FCA}.RelWithDebInfo|x64.ActiveCfg = RelWithDebInfo|Win32
		{E029F668-AE75-37BD-AE4F-8401388E6FCA}.RelWithDebInfo|x86.ActiveCfg = RelWithDebInfo|Win32
		{E029F668-AE75-37BD-AE4F-8401388E6FCA}.RelWithDebInfo|x86.Build.0 = RelWithDebInfo|Win32
		{012DDDF0-825E-3CBD-9EC7-14B7BA129716}.Debug|x64.ActiveCfg = Debug|Win32
		{012DDDF0-825E-3CBD-9EC7-14B7BA129716}.Debug|x86.ActiveCfg = Debug|Win32
		{012DDDF0-825E-3CBD-9EC7-14B7BA129716}.Debug|x86.Build.0 = Debug|Win32
		{012DDDF0-825E-3CBD-9EC7-14B7BA129716}.MinSizeRel|x64.ActiveCfg = MinSizeRel|Win32
		{012DDDF0-825E-3CBD-9EC7-14B7BA129716}.MinSizeRel|x86.ActiveCfg = MinSizeRel|Win32
		{012DDDF0-825E-3CBD-9EC7-14B7BA129716}.MinSizeRel|x86.Build.0 = MinSizeRel|Win32
		{012DDDF0-825E-3CBD-9EC7-14B7BA129716}.Release|x64.ActiveCfg = Release|Win32
		{012DDDF0-825E-3CBD-9EC7-14B7BA129716}.Release|x86.ActiveCfg = Release|Win32
		{012DDDF0-825E-3CBD-9EC7-14B7BA129716}.Release|x86.Build.0 = Release|Win32
		{012DDDF0-825E-3CBD-9EC7-14B7BA129716}.RelWithDebInfo|x64.ActiveCfg = RelWithDebInfo|Win32
		{012DDDF0-825E-3CBD-9EC7-14B7BA129716}.RelWithDebInfo|x86.ActiveCfg = RelWithDebInfo|Win32
		{012DDDF0-825E-3CBD-9EC7-14B7BA129716}.RelWithDebInfo|x86.Build.0 = RelWithDebInfo|Win32
		{1167B74D-08C6-305B-8802-9504D436A297}.Debug|x64.ActiveCfg = Debug|Win32
		{1167B74D-08C6-305B-8802-9504D436A297}.Debug|x86.ActiveCfg = Debug|Win32
		{1167B74D-08C6-305B-8802-9504D436A297}.Debug|x86.Build.0 = Debug|Win32
		{1167B74D-08C6-305B-8802-9504D436A297}.MinSizeRel|x64.ActiveCfg = MinSizeRel|Win32
		{1167B74D-08C6-305B-8802-9504D436A297}.MinSizeRel|x86.ActiveCfg = MinSizeRel|Win32
		{1167B74D-08C6-305B-8802-9504D436A297}.MinSizeRel|x86.Build.0 = MinSizeRel|Win32
		{1167B74D-08C6-305B-8802-9504D436A297}.Release|x64.ActiveCfg = Release|Win32
		{1167B74D-08C6-305B-8802-9504D436A297}.Release|x86.ActiveCfg = Release|Win32
		{1167B74D-08C6-305B-8802-9504D436A297}.Release|x86.Build.0 = Release|Win32
		{1167B74D-08C6-305B-8802-9504D436A297}.RelWithDebInfo|x64.ActiveCfg = RelWithDebInfo|Win32
		{1167B74D-08C6-305B-8802-9504D436A297}.RelWithDebInfo|x86.ActiveCfg = RelWithDebInfo|Win32
		{1167B74D-08C6-305B-8802-9504D436A297}.RelWithDebInfo|x86.Build.0 = RelWithDebInfo|Win32
		{EEB91633-364E-3A11-A53A-253FA4FE5D36}.Debug|x64.ActiveCfg = Debug|Win32
		{EEB91633-364E-3A11-A53A-253FA4FE5D36}.Debug|x86.ActiveCfg = Debug|Win32
		{EEB91633-364E-3A11-A53A-253FA4FE5D36}.Debug|x86.Build.0 = Debug|Win32
		{EEB91633-364E-3A11-A53A-253FA4FE5D36}.MinSizeRel|x64.ActiveCfg = MinSizeRel|Win32
		{EEB91633-364E-3A11-A53A-253FA4FE5D36}.MinSizeRel|x86.ActiveCfg = MinSizeRel|Win32
		{EEB91633-364E-3A11-A53A-253FA4FE5D36}.MinSizeRel|x86.Build.0 = MinSizeRel|Win32
		{EEB91633-364E-3A11-A53A-253FA4FE5D36}.Release|x64.ActiveCfg = Release|Win32
		{EEB91633-364E-3A11-A53A-253FA4FE5D36}.Release|x86.ActiveCfg = Release|Win32
		{EEB91633-364E-3A11-A53A-253FA4FE5D36}.Release|x86.Build.0 = Release|Win32
		{EEB91633-364E-3A11-A53A-253FA4FE5D36}.RelWithDebInfo|x64.ActiveCfg = RelWithDebInfo|Win32
		{EEB91633-364E-3A11-A53A-253FA4FE5D36}.RelWithDebInfo|x86.ActiveCfg = RelWithDebInfo|Win32
		{EEB91633-364E-3A11-A53A-253FA4FE5D36}.RelWithDebInfo|x86.Build.0 = RelWithDebInfo|Win32
		{D50CEF81-DB3D-34C3-BA9E-E65C55F657EB}.Debug|x64.ActiveCfg = Debug|Win32
		{D50CEF81-DB3D-34C3-BA9E-E65C55F657EB}.Debug|x86.ActiveCfg = Debug|Win32
		{D50CEF81-DB3D-34C3-BA9E-E65C55F657EB}.Debug|x86.Build.0 = Debug|Win32
		{D50CEF81-DB3D-34C3-BA9E-E65C55F657EB}.MinSizeRel|x64.ActiveCfg = MinSizeRel|Win32
		{D50CEF81-DB3D-34C3-BA9E-E65C55F657EB}.MinSizeRel|x86.ActiveCfg = MinSizeRel|Win32
		{D50CEF81-DB3D-34C3-BA9E-E65C55F657EB}.MinSizeRel|x86.Build.0 = MinSizeRel|Win32
		{D50CEF81-DB3D-34C3-BA9E-E65C55F657EB}.Release|x64.ActiveCfg = Release|Win32
		{D50CEF81-DB3D-34C3-BA9E-E65C55F657EB}.Release|x86.ActiveCfg = Release|Win32
		{D50CEF81-DB3D-34C3-BA9E-E65C55F657EB}.Release|x86.Build.0 = Release|Win32
		{D50CEF81-DB3D-34C3-BA9E-E65C55F657EB}.RelWithDebInfo|x64.ActiveCfg = RelWithDebInfo|Win32
		{D50CEF81-DB3D-34C3-BA9E-E65C55F657EB}.RelWithDebInfo|x86.ActiveCfg = RelWithDebInfo|Win32
		{D50CEF81-DB3D-34C3-BA9E-E65C55F657EB}.RelWithDebInfo|x86.Build.0 = RelWithDebInfo|Win32
		{729FEFF1-FE34-3F83-A727-CA96C977F88E}.Debug|x64.ActiveCfg = Debug|Win32
		{729FEFF1-FE34-3F83-A727-CA96C977F88E}.Debug|x86.ActiveCfg = Debug|Win32
		{729FEFF1-FE34-3F83-A727-CA96C977F88E}.Debug|x86.Build.0 = Debug|Win32
		{729FEFF1-FE34-3F83-A727-CA96C977F88E}.MinSizeRel|x64.ActiveCfg = MinSizeRel|Win32
		{729FEFF1-FE34-3F83-A727-CA96C977F88E}.MinSizeRel|x86.ActiveCfg = MinSizeRel|Win32
		{729FEFF1-FE34-3F83-A727-CA96C977F88E}.MinSizeRel|x86.Build.0 = MinSizeRel|Win32
		{729FEFF1-FE34-3F83-A727-CA96C977F88E}.Release|x64.ActiveCfg = Release|Win32
		{729FEFF1-FE34-3F83-A727-CA96C977F88E}.Release|x86.ActiveCfg = Release|Win32
		{729FEFF1-FE34-3F83-A727-CA96C977F88E}.Release|x86.Build.0 = Release|Win32
		{729FEFF1-FE34-3F83-A727-CA96C977F88E}.RelWithDebInfo|x64.ActiveCfg = RelWithDebInfo|Win32
		{729FEFF1-FE34-3F83-A727-CA96C977F88E}.RelWithDebInfo|x86.ActiveCfg = RelWithDebInfo|Win32
		{729FEFF1-FE34-3F83-A727-CA96C977F88E}.RelWithDebInfo|x86.Build.0 = RelWithDebInfo|Win32
		{EA3C242B-A956-3F63-BF93-621FEB3BBAB3}.Debug|x64.ActiveCfg = Debug|Win32
		{EA3C242B-A956-3F63-BF93-621FEB3BBAB3}.Debug|x86.ActiveCfg = Debug|Win32
		{EA3C242B-A956-3F63-BF93-621FEB3BBAB3}.Debug|x86.Build.0 = Debug|Win32
		{EA3C242B-A956-3F63-BF93-621FEB3BBAB3}.MinSizeRel|x64.ActiveCfg = MinSizeRel|Win32
		{EA3C242B-A956-3F63-BF93-621FEB3BBAB3}.MinSizeRel|x86.ActiveCfg = MinSizeRel|Win32
		{EA3C242B-A956-3F63-BF93-621FEB3BBAB3}.MinSizeRel|x86.Build.0 = MinSizeRel|Win32
		{EA3C242B-A956-3F63-BF93-621FEB3BBAB3}.Release|x64.ActiveCfg = Release|Win32
		{EA3C242B-A956-3F63-BF93-621FEB3BBAB3}.Release|x86.ActiveCfg = Release|Win32
		{EA3C242B-A956-3F63-BF93-621FEB3BBAB3}.Release|x86.Build.0 = Release|Win32
		{EA3C242B-A956-3F63-BF93-621FEB3BBAB3}.RelWithDebInfo|x64.ActiveCfg = RelWithDebInfo|Win32
		{EA3C242B-A956-3F63-BF93-621FEB3BBAB3}.RelWithDebInfo|x86.ActiveCfg = RelWithDebInfo|Win32
		{EA3C242B-A956-3F63-BF93-621FEB3BBAB3}.RelWithDebInfo|x86.Build.0 = RelWithDebInfo|Win32
		{230E3E55-0438-36B5-8964-2DEE61BDAED6}.Debug|x64.ActiveCfg = Debug|Win32
		{230E3E55-0438-36B5-8964-2DEE61BDAED6}.Debug|x86.ActiveCfg = Debug|Win32
		{230E3E55-0438-36B5-8964-2DEE61BDAED6}.Debug|x86.Build.0 = Debug|Win32
		{230E3E55-0438-36B5-8964-2DEE61BDAED6}.MinSizeRel|x64.ActiveCfg = MinSizeRel|Win32
		{230E3E55-0438-36B5-8964-2DEE61BDAED6}.MinSizeRel|x86.ActiveCfg = MinSizeRel|Win32
		{230E3E55-0438-36B5-8964-2DEE61BDAED6}.MinSizeRel|x86.Build.0 = MinSizeRel|Win32
		{230E3E55-0438-36B5-8964-2DEE61BDAED6}.Release|x64.ActiveCfg = Release|Win32
		{230E3E55-0438-36B5-8964-2DEE61BDAED6}.Release|x86.ActiveCfg = Release|Win32
		{230E3E55-0438-36B5-8964-2DEE61BDAED6}.Release|x86.Build.0 = Release|Win32
		{230E3E55-0438-36B5-8964-2DEE61BDAED6}.RelWithDebInfo|x64.ActiveCfg = RelWithDebInfo|Win32
		{230E3E55-0438-36B5-8964-2DEE61BDAED6}.RelWithDebInfo|x86.ActiveCfg = RelWithDebInfo|Win32
		{230E3E55-0438-36B5-8964-2DEE61BDAED6}.RelWithDebInfo|x86.Build.0 = RelWithDebInfo|Win32
		{2B91D5FD-90BF-3ADE-96D9-BB416AC3EF27}.Debug|x64.ActiveCfg = Debug|Win32
		{2B91D5FD-90BF-3ADE-96D9-BB416AC3EF27}.Debug|x86.ActiveCfg = Debug|Win32
		{2B91D5FD-90BF-3ADE-96D9-BB416AC3EF27}.Debug|x86.Build.0 = Debug|Win32
		{2B91D5FD-90BF-3ADE-96D9-BB416AC3EF27}.MinSizeRel|x64.ActiveCfg = MinSizeRel|Win32
		{2B91D5FD-90BF-3ADE-96D9-BB416AC3EF27}.MinSizeRel|x86.ActiveCfg = MinSizeRel|Win32
		{2B91D5FD-90BF-3ADE-96D9-BB416AC3EF27}.MinSizeRel|x86.Build.0 = MinSizeRel|Win32
		{2B91D5FD-90BF-3ADE-96D9-BB416AC3EF27}.Release|x64.ActiveCfg = Release|Win32
		{2B91D5FD-90BF-3ADE-96D9-BB416AC3EF27}.Release|x86.ActiveCfg = Release|Win32
		{2B91D5FD-90BF-3ADE-96D9-BB416AC3EF27}.Release|x86.Build.0 = Release|Win32
		{2B91D5FD-90BF-3ADE-96D9-BB416AC3EF27}.RelWithDebInfo|x64.ActiveCfg = RelWithDebInfo|Win32
		{2B91D5FD-90BF-3ADE-96D9-BB416AC3EF27}.RelWithDebInfo|x86.ActiveCfg = RelWithDebInfo|Win32
		{2B91D5FD-90BF-3ADE-96D9-BB416AC3EF27}.RelWithDebInfo|x86.Build.0 = RelWithDebInfo|Win32
		{859BC440-D119-3C7A-A5FF-0FC063C8B298}.Debug|x64.ActiveCfg = Debug|Win32
		{859BC440-D119-3C7A-A5FF-0FC063C8B298}.Debug|x86.ActiveCfg = Debug|Win32
		{859BC440-D119-3C7A-A5FF-0FC063C8B298}.Debug|x86.Build.0 = Debug|Win32
		{859BC440-D119-3C7A-A5FF-0FC063C8B298}.MinSizeRel|x64.ActiveCfg = MinSizeRel|Win32
		{859BC440-D119-3C7A-A5FF-0FC063C8B298}.MinSizeRel|x86.ActiveCfg = MinSizeRel|Win32
		{859BC440-D119-3C7A-A5FF-0FC063C8B298}.MinSizeRel|x86.Build.0 = MinSizeRel|Win32
		{859BC440-D119-3C7A-A5FF-0FC063C8B298}.Release|x64.ActiveCfg = Release|Win32
		{859BC440-D119-3C7A-A5FF-0FC063C8B298}.Release|x86.ActiveCfg = Release|Win32
		{859BC440-D119-3C7A-A5FF-0FC063C8B298}.Release|x86.Build.0 = Release|Win32
		{859BC440-D119-3C7A-A5FF-0FC063C8B298}.RelWithDebInfo|x64.ActiveCfg = RelWithDebInfo|Win32
		{859BC440-D119-3C7A-A5FF-0FC063C8B298}.RelWithDebInfo|x86.ActiveCfg = RelWithDebInfo|Win32
		{859BC440-D119-3C7A-A5FF-0FC063C8B298}.RelWithDebInfo|x86.Build.0 = RelWithDebInfo|Win32
		{B7D84A6A-277A-31EA-BDCA-B68FDA897A63}.Debug|x64.ActiveCfg = Debug|Win32
		{B7D84A6A-277A-31EA-BDCA-B68FDA897A63}.Debug|x86.ActiveCfg = Debug|Win32
		{B7D84A6A-277A-31EA-BDCA-B68FDA897A63}.Debug|x86.Build.0 = Debug|Win32
		{B7D84A6A-277A-31EA-BDCA-B68FDA897A63}.MinSizeRel|x64.ActiveCfg = MinSizeRel|Win32
		{B7D84A6A-277A-31EA-BDCA-B68FDA897A63}.MinSizeRel|x86.ActiveCfg = MinSizeRel|Win32
		{B7D84A6A-277A-31EA-BDCA-B68FDA897A63}.MinSizeRel|x86.Build.0 = MinSizeRel|Win32
		{B7D84A6A-277A-31EA-BDCA-B68FDA897A63}.Release|x64.ActiveCfg = Release|Win32
		{B7D84A6A-277A-31EA-BDCA-B68FDA897A63}.Release|x86.ActiveCfg = Release|Win32
		{B7D84A6A-277A-31EA-BDCA-B68FDA897A63}.Release|x86.Build.0 = Release|Win32
		{B7D84A6A-277A-31EA-BDCA-B68FDA897A63}.RelWithDebInfo|x64.ActiveCfg = RelWithDebInfo|Win32
		{B7D84A6A-277A-31EA-BDCA-B68FDA897A63}.RelWithDebInfo|x86.ActiveCfg = RelWithDebInfo|Win32
		{B7D84A6A-277A-31EA-BDCA-B68FDA897A63}.RelWithDebInfo|x86.Build.0 = RelWithDebInfo|Win32
		{B7F59238-337F-3001-8731-1E7F9ABFC732}.Debug|x64.ActiveCfg = Debug|Win32
		{B7F59238-337F-3001-8731-1E7F9ABFC732}.Debug|x86.ActiveCfg = Debug|Win32
		{B7F59238-337F-3001-8731-1E7F9ABFC732}.Debug|x86.Build.0 = Debug|Win32
		{B7F59238-337F-3001-8731-1E7F9ABFC732}.MinSizeRel|x64.ActiveCfg = MinSizeRel|Win32
		{B7F59238-337F-3001-8731-1E7F9ABFC732}.MinSizeRel|x86.ActiveCfg = MinSizeRel|Win32
		{B7F59238-337F-3001-8731-1E7F9ABFC732}.MinSizeRel|x86.Build.0 = MinSizeRel|Win32
		{B7F59238-337F-3001-8731-1E7F9ABFC732}.Release|x64.ActiveCfg = Release|Win32
		{B7F59238-337F-3001-8731-1E7F9ABFC732}.Release|x86.ActiveCfg = Release|Win32
		{B7F59238-337F-3001-8731-1E7F9ABFC732}.Release|x86.Build.0 = Release|Win32
		{B7F59238-337F-3001-8731-1E7F9ABFC732}.RelWithDebInfo|x64.ActiveCfg = RelWithDebInfo|Win32
		{B7F59238-337F-3001-8731-1E7F9ABFC732}.RelWithDebInfo|x86.ActiveCfg = RelWithDebInfo|Win32
		{B7F59238-337F-3001-8731-1E7F9ABFC732}.RelWithDebInfo|x86.Build.0 = RelWithDebInfo|Win32
		{20E6C88F-715F-3203-A6FB-E496DBDDC7BC}.Debug|x64.ActiveCfg = Debug|Win32
		{20E6C88F-715F-3203-A6FB-E496DBDDC7BC}.Debug|x86.ActiveCfg = Debug|Win32
		{20E6C88F-715F-3203-A6FB-E496DBDDC7BC}.Debug|x86.Build.0 = Debug|Win32
		{20E6C88F-715F-3203-A6FB-E496DBDDC7BC}.MinSizeRel|x64.ActiveCfg = MinSizeRel|Win32
		{20E6C88F-715F-3203-A6FB-E496DBDDC7BC}.MinSizeRel|x86.ActiveCfg = MinSizeRel|Win32
		{20E6C88F-715F-3203-A6FB-E496DBDDC7BC}.MinSizeRel|x86.Build.0 = MinSizeRel|Win32
		{20E6C88F-715F-3203-A6FB-E496DBDDC7BC}.Release|x64.ActiveCfg = Release|Win32
		{20E6C88F-715F-3203-A6FB-E496DBDDC7BC}.Release|x86.ActiveCfg = Release|Win32
		{20E6C88F-715F-3203-A6FB-E496DBDDC7BC}.Release|x86.Build.0 = Release|Win32
		{20E6C88F-715F-3203-A6FB-E496DBDDC7BC}.RelWithDebInfo|x64.ActiveCfg = RelWithDebInfo|Win32
		{20E6C88F-715F-3203-A6FB-E496DBDDC7BC}.RelWithDebInfo|x86.ActiveCfg = RelWithDebInfo|Win32
		{20E6C88F-715F-3203-A6FB-E496DBDDC7BC}.RelWithDebInfo|x86.Build.0 = RelWithDebInfo|Win32
		{0DD090AA-E54E-31F9-834C-46168024BCA1}.Debug|x64.ActiveCfg = Debug|Win32
		{0DD090AA-E54E-31F9-834C-46168024BCA1}.Debug|x86.ActiveCfg = Debug|Win32
		{0DD090AA-E54E-31F9-834C-46168024BCA1}.Debug|x86.Build.0 = Debug|Win32
		{0DD090AA-E54E-31F9-834C-46168024BCA1}.MinSizeRel|x64.ActiveCfg = MinSizeRel|Win32
		{0DD090AA-E54E-31F9-834C-46168024BCA1}.MinSizeRel|x86.ActiveCfg = MinSizeRel|Win32
		{0DD090AA-E54E-31F9-834C-46168024BCA1}.MinSizeRel|x86.Build.0 = MinSizeRel|Win32
		{0DD090AA-E54E-31F9-834C-46168024BCA1}.Release|x64.ActiveCfg = Release|Win32
		{0DD090AA-E54E-31F9-834C-46168024BCA1}.Release|x86.ActiveCfg = Release|Win32
		{0DD090AA-E54E-31F9-834C-46168024BCA1}.Release|x86.Build.0 = Release|Win32
		{0DD090AA-E54E-31F9-834C-46168024BCA1}.RelWithDebInfo|x64.ActiveCfg = RelWithDebInfo|Win32
		{0DD090AA-E54E-31F9-834C-46168024BCA1}.RelWithDebInfo|x86.ActiveCfg = RelWithDebInfo|Win32
		{0DD090AA-E54E-31F9-834C-46168024BCA1}.RelWithDebInfo|x86.Build.0 = RelWithDebInfo|Win32
		{7E9CDD93-BC2E-33E8-973C-76F9788B2A39}.Debug|x64.ActiveCfg = Debug|Win32
		{7E9CDD93-BC2E-33E8-973C-76F9788B2A39}.Debug|x86.ActiveCfg = Debug|Win32
		{7E9CDD93-BC2E-33E8-973C-76F9788B2A39}.Debug|x86.Build.0 = Debug|Win32
		{7E9CDD93-BC2E-33E8-973C-76F9788B2A39}.MinSizeRel|x64.ActiveCfg = MinSizeRel|Win32
		{7E9CDD93-BC2E-33E8-973C-76F9788B2A39}.MinSizeRel|x86.ActiveCfg = MinSizeRel|Win32
		{7E9CDD93-BC2E-33E8-973C-76F9788B2A39}.MinSizeRel|x86.Build.0 = MinSizeRel|Win32
		{7E9CDD93-BC2E-33E8-973C-76F9788B2A39}.Release|x64.ActiveCfg = Release|Win32
		{7E9CDD93-BC2E-33E8-973C-76F9788B2A39}.Release|x86.ActiveCfg = Release|Win32
		{7E9CDD93-BC2E-33E8-973C-76F9788B2A39}.Release|x86.Build.0 = Release|Win32
		{7E9CDD93-BC2E-33E8-973C-76F9788B2A39}.RelWithDebInfo|x64.ActiveCfg = RelWithDebInfo|Win32
		{7E9CDD93-BC2E-33E8-973C-76F9788B2A39}.RelWithDebInfo|x86.ActiveCfg = RelWithDebInfo|Win32
		{7E9CDD93-BC2E-33E8-973C-76F9788B2A39}.RelWithDebInfo|x86.Build.0 = RelWithDebInfo|Win32
		{B50EC835-D2F1-3919-AF8F-EDC814834264}.Debug|x64.ActiveCfg = Debug|Win32
		{B50EC835-D2F1-3919-AF8F-EDC814834264}.Debug|x86.ActiveCfg = Debug|Win32
		{B50EC835-D2F1-3919-AF8F-EDC814834264}.Debug|x86.Build.0 = Debug|Win32
		{B50EC835-D2F1-3919-AF8F-EDC814834264}.MinSizeRel|x64.ActiveCfg = MinSizeRel|Win32
		{B50EC835-D2F1-3919-AF8F-EDC814834264}.MinSizeRel|x86.ActiveCfg = MinSizeRel|Win32
		{B50EC835-D2F1-3919-AF8F-EDC814834264}.MinSizeRel|x86.Build.0 = MinSizeRel|Win32
		{B50EC835-D2F1-3919-AF8F-EDC814834264}.Release|x64.ActiveCfg = Release|Win32
		{B50EC835-D2F1-3919-AF8F-EDC814834264}.Release|x86.ActiveCfg = Release|Win32
		{B50EC835-D2F1-3919-AF8F-EDC814834264}.Release|x86.Build.0 = Release|Win32
		{B50EC835-D2F1-3919-AF8F-EDC814834264}.RelWithDebInfo|x64.ActiveCfg = RelWithDebInfo|Win32
		{B50EC835-D2F1-3919-AF8F-EDC814834264}.RelWithDebInfo|x86.ActiveCfg = RelWithDebInfo|Win32
		{B50EC835-D2F1-3919-AF8F-EDC814834264}.RelWithDebInfo|x86.Build.0 = RelWithDebInfo|Win32
		{65D1C1BB-C690-34DC-B462-EA2FF4E5DE4B}.Debug|x64.ActiveCfg = Debug|Win32
		{65D1C1BB-C690-34DC-B462-EA2FF4E5DE4B}.Debug|x86.ActiveCfg = Debug|Win32
		{65D1C1BB-C690-34DC-B462-EA2FF4E5DE4B}.Debug|x86.Build.0 = Debug|Win32
		{65D1C1BB-C690-34DC-B462-EA2FF4E5DE4B}.MinSizeRel|x64.ActiveCfg = MinSizeRel|Win32
		{65D1C1BB-C690-34DC-B462-EA2FF4E5DE4B}.MinSizeRel|x86.ActiveCfg = MinSizeRel|Win32
		{65D1C1BB-C690-34DC-B462-EA2FF4E5DE4B}.MinSizeRel|x86.Build.0 = MinSizeRel|Win32
		{65D1C1BB-C690-34DC-B462-EA2FF4E5DE4B}.Release|x64.ActiveCfg = Release|Win32
		{65D1C1BB-C690-34DC-B462-EA2FF4E5DE4B}.Release|x86.ActiveCfg = Release|Win32
		{65D1C1BB-C690-34DC-B462-EA2FF4E5DE4B}.Release|x86.Build.0 = Release|Win32
		{65D1C1BB-C690-34DC-B462-EA2FF4E5DE4B}.RelWithDebInfo|x64.ActiveCfg = RelWithDebInfo|Win32
		{65D1C1BB-C690-34DC-B462-EA2FF4E5DE4B}.RelWithDebInfo|x86.ActiveCfg = RelWithDebInfo|Win32
		{65D1C1BB-C690-34DC-B462-EA2FF4E5DE4B}.RelWithDebInfo|x86.Build.0 = RelWithDebInfo|Win32
		{A29FDEB4-B342-39F4-8068-2607C9D0C544}.Debug|x64.ActiveCfg = Debug|Win32
		{A29FDEB4-B342-39F4-8068-2607C9D0C544}.Debug|x86.ActiveCfg = Debug|Win32
		{A29FDEB4-B342-39F4-8068-2607C9D0C544}.Debug|x86.Build.0 = Debug|Win32
		{A29FDEB4-B342-39F4-8068-2607C9D0C544}.MinSizeRel|x64.ActiveCfg = MinSizeRel|Win32
		{A29FDEB4-B342-39F4-8068-2607C9D0C544}.MinSizeRel|x86.ActiveCfg = MinSizeRel|Win32
		{A29FDEB4-B342-39F4-8068-2607C9D0C544}.MinSizeRel|x86.Build.0 = MinSizeRel|Win32
		{A29FDEB4-B342-39F4-8068-2607C9D0C544}.Release|x64.ActiveCfg = Release|Win32
		{A29FDEB4-B342-39F4-8068-2607C9D0C544}.Release|x86.ActiveCfg = Release|Win32
		{A29FDEB4-B342-39F4-8068-2607C9D0C544}.Release|x86.Build.0 = Release|Win32
		{A29FDEB4-B342-39F4-8068-2607C9D0C544}.RelWithDebInfo|x64.ActiveCfg = RelWithDebInfo|Win32
		{A29FDEB4-B342-39F4-8068-2607C9D0C544}.RelWithDebInfo|x86.ActiveCfg = RelWithDebInfo|Win32
		{A29FDEB4-B342-39F4-8068-2607C9D0C544}.RelWithDebInfo|x86.Build.0 = RelWithDebInfo|Win32
		{001D3B03-D659-36F4-A764-164B3499C588}.Debug|x64.ActiveCfg = Debug|Win32
		{001D3B03-D659-36F4-A764-164B3499C588}.Debug|x86.ActiveCfg = Debug|Win32
		{001D3B03-D659-36F4-A764-164B3499C588}.Debug|x86.Build.0 = Debug|Win32
		{001D3B03-D659-36F4-A764-164B3499C588}.MinSizeRel|x64.ActiveCfg = MinSizeRel|Win32
		{001D3B03-D659-36F4-A764-164B3499C588}.MinSizeRel|x86.ActiveCfg = MinSizeRel|Win32
		{001D3B03-D659-36F4-A764-164B3499C588}.MinSizeRel|x86.Build.0 = MinSizeRel|Win32
		{001D3B03-D659-36F4-A764-164B3499C588}.Release|x64.ActiveCfg = Release|Win32
		{001D3B03-D659-36F4-A764-164B3499C588}.Release|x86.ActiveCfg = Release|Win32
		{001D3B03-D659-36F4-A764-164B3499C588}.Release|x86.Build.0 = Release|Win32
		{001D3B03-D659-36F4-A764-164B3499C588}.RelWithDebInfo|x64.ActiveCfg = RelWithDebInfo|Win32
		{001D3B03-D659-36F4-A764-164B3499C588}.RelWithDebInfo|x86.ActiveCfg = RelWithDebInfo|Win32
		{001D3B03-D659-36F4-A764-164B3499C588}.RelWithDebInfo|x86.Build.0 = RelWithDebInfo|Win32
		{CDFCB0A5-2912-3E5F-B3B2-2A63134B2965}.Debug|x64.ActiveCfg = Debug|Win32
		{CDFCB0A5-2912-3E5F-B3B2-2A63134B2965}.Debug|x86.ActiveCfg = Debug|Win32
		{CDFCB0A5-2912-3E5F-B3B2-2A63134B2965}.Debug|x86.Build.0 = Debug|Win32
		{CDFCB0A5-2912-3E5F-B3B2-2A63134B2965}.MinSizeRel|x64.ActiveCfg = MinSizeRel|Win32
		{CDFCB0A5-2912-3E5F-B3B2-2A63134B2965}.MinSizeRel|x86.ActiveCfg = MinSizeRel|Win32
		{CDFCB0A5-2912-3E5F-B3B2-2A63134B2965}.MinSizeRel|x86.Build.0 = MinSizeRel|Win32
		{CDFCB0A5-2912-3E5F-B3B2-2A63134B2965}.Release|x64.ActiveCfg = Release|Win32
		{CDFCB0A5-2912-3E5F-B3B2-2A63134B2965}.Release|x86.ActiveCfg = Release|Win32
		{CDFCB0A5-2912-3E5F-B3B2-2A63134B2965}.Release|x86.Build.0 = Release|Win32
		{CDFCB0A5-2912-3E5F-B3B2-2A63134B2965}.RelWithDebInfo|x64.ActiveCfg = RelWithDebInfo|Win32
		{CDFCB0A5-2912-3E5F-B3B2-2A63134B2965}.RelWithDebInfo|x86.ActiveCfg = RelWithDebInfo|Win32
		{CDFCB0A5-2912-3E5F-B3B2-2A63134B2965}.RelWithDebInfo|x86.Build.0 = RelWithDebInfo|Win32
	EndGlobalSection
	GlobalSection(SolutionProperties) = preSolution
		HideSolutionNode = FALSE
	EndGlobalSection
	GlobalSection(NestedProjects) = preSolution
		{84C50E87-39DA-40A3-8A0A-D0559508C061} = {83D1B44B-D6A6-4841-94A5-5046D3EAA12F}
		{5C961872-A233-3812-B1B6-CDE48B99D335} = {C6218D73-19D9-4400-A20B-525A92BD39D8}
		{C6218D73-19D9-4400-A20B-525A92BD39D8} = {83D1B44B-D6A6-4841-94A5-5046D3EAA12F}
		{57BF5796-8276-3D23-A74E-0B91363C9FA9} = {84C50E87-39DA-40A3-8A0A-D0559508C061}
		{66B385CB-7447-3C10-8139-DAFEDC881D69} = {1AC7A70A-CA95-43EF-91F0-59CAF2A1AAA7}
		{5927365F-3EEF-3B3D-9284-1BA2398BA10E} = {C6218D73-19D9-4400-A20B-525A92BD39D8}
		{46E52240-6058-4D33-8B8D-9B883CB38D85} = {84C50E87-39DA-40A3-8A0A-D0559508C061}
		{199B41BB-99C8-3943-AAB8-85AE0530430D} = {46E52240-6058-4D33-8B8D-9B883CB38D85}
		{47921E54-8689-35F3-BC2F-373C6F7CCE1F} = {C6218D73-19D9-4400-A20B-525A92BD39D8}
		{03E513F9-9979-35A2-8BC7-767A878BF3D0} = {46E52240-6058-4D33-8B8D-9B883CB38D85}
		{EF73021B-A457-3E4A-8274-40359D9D043A} = {84C50E87-39DA-40A3-8A0A-D0559508C061}
		{F636B024-38E3-3035-8A11-B5288B23282A} = {46E52240-6058-4D33-8B8D-9B883CB38D85}
		{AD9B9658-B864-3FAA-B23F-9912E1F180A4} = {C6218D73-19D9-4400-A20B-525A92BD39D8}
		{D93594E1-92BD-3875-909B-846F953ABA48} = {C6218D73-19D9-4400-A20B-525A92BD39D8}
		{E029F668-AE75-37BD-AE4F-8401388E6FCA} = {83D1B44B-D6A6-4841-94A5-5046D3EAA12F}
		{012DDDF0-825E-3CBD-9EC7-14B7BA129716} = {83D1B44B-D6A6-4841-94A5-5046D3EAA12F}
		{1167B74D-08C6-305B-8802-9504D436A297} = {83D1B44B-D6A6-4841-94A5-5046D3EAA12F}
		{EEB91633-364E-3A11-A53A-253FA4FE5D36} = {C6218D73-19D9-4400-A20B-525A92BD39D8}
		{D50CEF81-DB3D-34C3-BA9E-E65C55F657EB} = {C6218D73-19D9-4400-A20B-525A92BD39D8}
		{729FEFF1-FE34-3F83-A727-CA96C977F88E} = {1AC7A70A-CA95-43EF-91F0-59CAF2A1AAA7}
		{1AC7A70A-CA95-43EF-91F0-59CAF2A1AAA7} = {84C50E87-39DA-40A3-8A0A-D0559508C061}
		{EA3C242B-A956-3F63-BF93-621FEB3BBAB3} = {84C50E87-39DA-40A3-8A0A-D0559508C061}
		{230E3E55-0438-36B5-8964-2DEE61BDAED6} = {83D1B44B-D6A6-4841-94A5-5046D3EAA12F}
		{2B91D5FD-90BF-3ADE-96D9-BB416AC3EF27} = {84C50E87-39DA-40A3-8A0A-D0559508C061}
		{859BC440-D119-3C7A-A5FF-0FC063C8B298} = {84C50E87-39DA-40A3-8A0A-D0559508C061}
		{B7D84A6A-277A-31EA-BDCA-B68FDA897A63} = {84C50E87-39DA-40A3-8A0A-D0559508C061}
		{B7F59238-337F-3001-8731-1E7F9ABFC732} = {84C50E87-39DA-40A3-8A0A-D0559508C061}
		{20E6C88F-715F-3203-A6FB-E496DBDDC7BC} = {84C50E87-39DA-40A3-8A0A-D0559508C061}
		{0DD090AA-E54E-31F9-834C-46168024BCA1} = {84C50E87-39DA-40A3-8A0A-D0559508C061}
		{7E9CDD93-BC2E-33E8-973C-76F9788B2A39} = {84C50E87-39DA-40A3-8A0A-D0559508C061}
		{B50EC835-D2F1-3919-AF8F-EDC814834264} = {C6218D73-19D9-4400-A20B-525A92BD39D8}
		{65D1C1BB-C690-34DC-B462-EA2FF4E5DE4B} = {46E52240-6058-4D33-8B8D-9B883CB38D85}
		{A29FDEB4-B342-39F4-8068-2607C9D0C544} = {84C50E87-39DA-40A3-8A0A-D0559508C061}
		{001D3B03-D659-36F4-A764-164B3499C588} = {84C50E87-39DA-40A3-8A0A-D0559508C061}
		{CDFCB0A5-2912-3E5F-B3B2-2A63134B2965} = {84C50E87-39DA-40A3-8A0A-D0559508C061}
	EndGlobalSection
	GlobalSection(ExtensibilityGlobals) = postSolution
		SolutionGuid = {48589298-9FB4-4D03-B578-F12CD264DFAC}
	EndGlobalSection
EndGlobal
