
Microsoft Visual Studio Solution File, Format Version 12.00
# Visual Studio 15
VisualStudioVersion = 15.0.27130.2020
MinimumVisualStudioVersion = 10.0.40219.1
Project("{8BC9CEB8-8B4A-11D0-8D11-00A0C91BC942}") = "wot-stream", "wot-stream\wot-stream.vcxproj", "{D9EF1CE0-C30A-45A3-8446-F58B8299251B}"
EndProject
Project("{2150E333-8FDC-42A3-9474-1A3956D46DE8}") = "Solution Items", "Solution Items", "{71AE282F-A825-4776-83BB-AE615C4DA190}"
	ProjectSection(SolutionItems) = preProject
		..\.gitignore = ..\.gitignore
		..\README.md = ..\README.md
	EndProjectSection
EndProject
Global
	GlobalSection(SolutionConfigurationPlatforms) = preSolution
		Debug|x64 = Debug|x64
		Debug|x86 = Debug|x86
		Release|x64 = Release|x64
		Release|x86 = Release|x86
	EndGlobalSection
	GlobalSection(ProjectConfigurationPlatforms) = postSolution
		{D9EF1CE0-C30A-45A3-8446-F58B8299251B}.Debug|x64.ActiveCfg = Debug|x64
		{D9EF1CE0-C30A-45A3-8446-F58B8299251B}.Debug|x64.Build.0 = Debug|x64
		{D9EF1CE0-C30A-45A3-8446-F58B8299251B}.Debug|x86.ActiveCfg = Debug|Win32
		{D9EF1CE0-C30A-45A3-8446-F58B8299251B}.Debug|x86.Build.0 = Debug|Win32
		{D9EF1CE0-C30A-45A3-8446-F58B8299251B}.Release|x64.ActiveCfg = Release|x64
		{D9EF1CE0-C30A-45A3-8446-F58B8299251B}.Release|x64.Build.0 = Release|x64
		{D9EF1CE0-C30A-45A3-8446-F58B8299251B}.Release|x86.ActiveCfg = Release|Win32
		{D9EF1CE0-C30A-45A3-8446-F58B8299251B}.Release|x86.Build.0 = Release|Win32
	EndGlobalSection
	GlobalSection(SolutionProperties) = preSolution
		HideSolutionNode = FALSE
	EndGlobalSection
	GlobalSection(ExtensibilityGlobals) = postSolution
		SolutionGuid = {48589298-9FB4-4D03-B578-F12CD264DFAC}
	EndGlobalSection
EndGlobal
