
Microsoft Visual Studio Solution File, Format Version 12.00
# Visual Studio 15
VisualStudioVersion = 15.0.27130.2024
MinimumVisualStudioVersion = 10.0.40219.1
Project("{8BC9CEB8-8B4A-11D0-8D11-00A0C91BC942}") = "wot-stream", "wot-stream\wot-stream.vcxproj", "{D9EF1CE0-C30A-45A3-8446-F58B8299251B}"
EndProject
Project("{2150E333-8FDC-42A3-9474-1A3956D46DE8}") = "_solution-items", "_solution-items", "{71AE282F-A825-4776-83BB-AE615C4DA190}"
	ProjectSection(SolutionItems) = preProject
		..\.gitignore = ..\.gitignore
		..\README.md = ..\README.md
	EndProjectSection
EndProject
Project("{2150E333-8FDC-42A3-9474-1A3956D46DE8}") = "plugins", "plugins", "{84C50E87-39DA-40A3-8A0A-D0559508C061}"
EndProject
Project("{8BC9CEB8-8B4A-11D0-8D11-00A0C91BC942}") = "blake2", "obs\deps\blake2\blake2.vcxproj", "{196475AA-FE9E-3357-9F07-37C49EFC4BAA}"
EndProject
Project("{2150E333-8FDC-42A3-9474-1A3956D46DE8}") = "deps", "deps", "{C6218D73-19D9-4400-A20B-525A92BD39D8}"
EndProject
Project("{8BC9CEB8-8B4A-11D0-8D11-00A0C91BC942}") = "coreaudio-encoder", "obs\plugins\coreaudio-encoder\coreaudio-encoder.vcxproj", "{98F8C477-F6FF-3BAB-B901-E44EF085D173}"
EndProject
Project("{8BC9CEB8-8B4A-11D0-8D11-00A0C91BC942}") = "ffmpeg-mux", "obs\plugins\obs-ffmpeg\ffmpeg-mux\ffmpeg-mux.vcxproj", "{4601C393-40A2-3812-BB68-526BF7DA7830}"
EndProject
Project("{8BC9CEB8-8B4A-11D0-8D11-00A0C91BC942}") = "file-updater", "obs\deps\file-updater\file-updater.vcxproj", "{C3F1137F-5C2B-3B99-A543-529BD1727ABB}"
EndProject
Project("{2150E333-8FDC-42A3-9474-1A3956D46DE8}") = "win-capture", "win-capture", "{46E52240-6058-4D33-8B8D-9B883CB38D85}"
EndProject
Project("{8BC9CEB8-8B4A-11D0-8D11-00A0C91BC942}") = "get-graphics-offsets", "obs\plugins\win-capture\get-graphics-offsets\get-graphics-offsets.vcxproj", "{EEB74357-3989-381B-8F51-67F43D558858}"
EndProject
Project("{8BC9CEB8-8B4A-11D0-8D11-00A0C91BC942}") = "glad", "obs\deps\glad\glad.vcxproj", "{AFBB7D47-A941-3D93-9A51-1EBF329ADBFB}"
EndProject
Project("{8BC9CEB8-8B4A-11D0-8D11-00A0C91BC942}") = "graphics-hook", "obs\plugins\win-capture\graphics-hook\graphics-hook.vcxproj", "{82C21320-24B4-3F39-8665-CC7A91F56625}"
EndProject
Project("{8BC9CEB8-8B4A-11D0-8D11-00A0C91BC942}") = "image-source", "obs\plugins\image-source\image-source.vcxproj", "{E07C4741-FE0B-31CC-8B27-599821220F76}"
EndProject
Project("{8BC9CEB8-8B4A-11D0-8D11-00A0C91BC942}") = "inject-helper", "obs\plugins\win-capture\inject-helper\inject-helper.vcxproj", "{A3A212A1-50B9-3F6A-87C9-9D662C5C944F}"
EndProject
Project("{8BC9CEB8-8B4A-11D0-8D11-00A0C91BC942}") = "ipc-util", "obs\deps\ipc-util\ipc-util.vcxproj", "{6DE204EA-A714-302A-A1C8-3B5096F1F6C3}"
EndProject
Project("{8BC9CEB8-8B4A-11D0-8D11-00A0C91BC942}") = "jansson", "obs\deps\jansson\jansson.vcxproj", "{E08819C6-85CD-3670-9443-7B6B77564122}"
EndProject
Project("{2150E333-8FDC-42A3-9474-1A3956D46DE8}") = "obs", "obs", "{83D1B44B-D6A6-4841-94A5-5046D3EAA12F}"
EndProject
Project("{8BC9CEB8-8B4A-11D0-8D11-00A0C91BC942}") = "libobs", "obs\libobs\libobs.vcxproj", "{02D6CED1-1DA1-33E4-91C7-E2FD8968CD01}"
EndProject
Project("{8BC9CEB8-8B4A-11D0-8D11-00A0C91BC942}") = "libobs-d3d11", "obs\libobs-d3d11\libobs-d3d11.vcxproj", "{762CD825-4A2D-31CE-9D41-AB08E147BDE6}"
EndProject
Project("{8BC9CEB8-8B4A-11D0-8D11-00A0C91BC942}") = "libobs-opengl", "obs\libobs-opengl\libobs-opengl.vcxproj", "{0E2419E2-9979-3FFC-BF00-15B31184C2EB}"
EndProject
Project("{8BC9CEB8-8B4A-11D0-8D11-00A0C91BC942}") = "lzma", "obs\deps\lzma\lzma.vcxproj", "{FA0A6C0F-1D87-3DED-A4B6-575E2198ED29}"
EndProject
Project("{8BC9CEB8-8B4A-11D0-8D11-00A0C91BC942}") = "media-playback", "obs\deps\media-playback\media-playback.vcxproj", "{8F479E1D-06CF-385D-9125-CB57A50DED98}"
EndProject
Project("{8BC9CEB8-8B4A-11D0-8D11-00A0C91BC942}") = "obs-ffmpeg", "obs\plugins\obs-ffmpeg\obs-ffmpeg.vcxproj", "{6EC66112-FCCC-300D-A6F0-91C95D1B77F5}"
EndProject
Project("{2150E333-8FDC-42A3-9474-1A3956D46DE8}") = "obs-ffmpeg", "obs-ffmpeg", "{1AC7A70A-CA95-43EF-91F0-59CAF2A1AAA7}"
EndProject
Project("{8BC9CEB8-8B4A-11D0-8D11-00A0C91BC942}") = "obs-filters", "obs\plugins\obs-filters\obs-filters.vcxproj", "{63218269-AA15-3EBF-A7BB-7E9040E7E14F}"
EndProject
Project("{8BC9CEB8-8B4A-11D0-8D11-00A0C91BC942}") = "obs-outputs", "obs\plugins\obs-outputs\obs-outputs.vcxproj", "{8EA5D89A-2829-32B9-BB38-B8B105D5E3D1}"
EndProject
Project("{8BC9CEB8-8B4A-11D0-8D11-00A0C91BC942}") = "obs-qsv11", "obs\plugins\obs-qsv11\obs-qsv11.vcxproj", "{3D801D1F-3787-36B0-87AC-EF77644D3017}"
EndProject
Project("{8BC9CEB8-8B4A-11D0-8D11-00A0C91BC942}") = "obs-text", "obs\plugins\obs-text\obs-text.vcxproj", "{B41FA0D0-EB3F-35A6-941F-5A8903CF6AF6}"
EndProject
Project("{8BC9CEB8-8B4A-11D0-8D11-00A0C91BC942}") = "obs-transitions", "obs\plugins\obs-transitions\obs-transitions.vcxproj", "{F817CDE0-1E10-38F0-9D81-F0295E077FD6}"
EndProject
Project("{8BC9CEB8-8B4A-11D0-8D11-00A0C91BC942}") = "obs-x264", "obs\plugins\obs-x264\obs-x264.vcxproj", "{D412114F-A382-35EB-9824-20C86C4DD50A}"
EndProject
Project("{8BC9CEB8-8B4A-11D0-8D11-00A0C91BC942}") = "rtmp-services", "obs\plugins\rtmp-services\rtmp-services.vcxproj", "{F79EBDA3-CDB2-3800-B33F-B0EDA850C7DD}"
EndProject
Project("{8BC9CEB8-8B4A-11D0-8D11-00A0C91BC942}") = "text-freetype2", "obs\plugins\text-freetype2\text-freetype2.vcxproj", "{FE413046-B37E-319D-99EA-806F44B3C1A1}"
EndProject
Project("{8BC9CEB8-8B4A-11D0-8D11-00A0C91BC942}") = "w32-pthreads", "obs\deps\w32-pthreads\w32-pthreads.vcxproj", "{A5CD43A3-C7C3-3655-B6D4-0C9541CC10A0}"
EndProject
Project("{8BC9CEB8-8B4A-11D0-8D11-00A0C91BC942}") = "win-capture", "obs\plugins\win-capture\win-capture.vcxproj", "{612E9A55-AF1F-337A-AF27-5CDFB41D5629}"
EndProject
Project("{8BC9CEB8-8B4A-11D0-8D11-00A0C91BC942}") = "win-decklink", "obs\plugins\decklink\win\win-decklink.vcxproj", "{E1742BEB-E956-3851-B2BB-8FE76F177488}"
EndProject
Project("{8BC9CEB8-8B4A-11D0-8D11-00A0C91BC942}") = "win-mf", "obs\plugins\win-mf\win-mf.vcxproj", "{7B89882D-8CF6-3F35-8B53-E10FB9383DB4}"
EndProject
Project("{8BC9CEB8-8B4A-11D0-8D11-00A0C91BC942}") = "win-wasapi", "obs\plugins\win-wasapi\win-wasapi.vcxproj", "{D4C3A7A9-63A8-39A7-B3A0-B7B34A7D80FD}"
EndProject
Global
	GlobalSection(SolutionConfigurationPlatforms) = preSolution
		Debug|x86 = Debug|x86
		MinSizeRel|x86 = MinSizeRel|x86
		Release|x86 = Release|x86
		RelWithDebInfo|x86 = RelWithDebInfo|x86
	EndGlobalSection
	GlobalSection(ProjectConfigurationPlatforms) = postSolution
		{D9EF1CE0-C30A-45A3-8446-F58B8299251B}.Debug|x86.ActiveCfg = Debug|Win32
		{D9EF1CE0-C30A-45A3-8446-F58B8299251B}.Debug|x86.Build.0 = Debug|Win32
		{D9EF1CE0-C30A-45A3-8446-F58B8299251B}.MinSizeRel|x86.ActiveCfg = Release|Win32
		{D9EF1CE0-C30A-45A3-8446-F58B8299251B}.MinSizeRel|x86.Build.0 = Release|Win32
		{D9EF1CE0-C30A-45A3-8446-F58B8299251B}.Release|x86.ActiveCfg = Release|Win32
		{D9EF1CE0-C30A-45A3-8446-F58B8299251B}.Release|x86.Build.0 = Release|Win32
		{D9EF1CE0-C30A-45A3-8446-F58B8299251B}.RelWithDebInfo|x86.ActiveCfg = Release|Win32
		{D9EF1CE0-C30A-45A3-8446-F58B8299251B}.RelWithDebInfo|x86.Build.0 = Release|Win32
		{196475AA-FE9E-3357-9F07-37C49EFC4BAA}.Debug|x86.ActiveCfg = Debug|Win32
		{196475AA-FE9E-3357-9F07-37C49EFC4BAA}.Debug|x86.Build.0 = Debug|Win32
		{196475AA-FE9E-3357-9F07-37C49EFC4BAA}.MinSizeRel|x86.ActiveCfg = MinSizeRel|Win32
		{196475AA-FE9E-3357-9F07-37C49EFC4BAA}.MinSizeRel|x86.Build.0 = MinSizeRel|Win32
		{196475AA-FE9E-3357-9F07-37C49EFC4BAA}.Release|x86.ActiveCfg = Release|Win32
		{196475AA-FE9E-3357-9F07-37C49EFC4BAA}.Release|x86.Build.0 = Release|Win32
		{196475AA-FE9E-3357-9F07-37C49EFC4BAA}.RelWithDebInfo|x86.ActiveCfg = RelWithDebInfo|Win32
		{196475AA-FE9E-3357-9F07-37C49EFC4BAA}.RelWithDebInfo|x86.Build.0 = RelWithDebInfo|Win32
		{98F8C477-F6FF-3BAB-B901-E44EF085D173}.Debug|x86.ActiveCfg = Debug|Win32
		{98F8C477-F6FF-3BAB-B901-E44EF085D173}.Debug|x86.Build.0 = Debug|Win32
		{98F8C477-F6FF-3BAB-B901-E44EF085D173}.MinSizeRel|x86.ActiveCfg = MinSizeRel|Win32
		{98F8C477-F6FF-3BAB-B901-E44EF085D173}.MinSizeRel|x86.Build.0 = MinSizeRel|Win32
		{98F8C477-F6FF-3BAB-B901-E44EF085D173}.Release|x86.ActiveCfg = Release|Win32
		{98F8C477-F6FF-3BAB-B901-E44EF085D173}.Release|x86.Build.0 = Release|Win32
		{98F8C477-F6FF-3BAB-B901-E44EF085D173}.RelWithDebInfo|x86.ActiveCfg = RelWithDebInfo|Win32
		{98F8C477-F6FF-3BAB-B901-E44EF085D173}.RelWithDebInfo|x86.Build.0 = RelWithDebInfo|Win32
		{4601C393-40A2-3812-BB68-526BF7DA7830}.Debug|x86.ActiveCfg = Debug|Win32
		{4601C393-40A2-3812-BB68-526BF7DA7830}.Debug|x86.Build.0 = Debug|Win32
		{4601C393-40A2-3812-BB68-526BF7DA7830}.MinSizeRel|x86.ActiveCfg = MinSizeRel|Win32
		{4601C393-40A2-3812-BB68-526BF7DA7830}.MinSizeRel|x86.Build.0 = MinSizeRel|Win32
		{4601C393-40A2-3812-BB68-526BF7DA7830}.Release|x86.ActiveCfg = Release|Win32
		{4601C393-40A2-3812-BB68-526BF7DA7830}.Release|x86.Build.0 = Release|Win32
		{4601C393-40A2-3812-BB68-526BF7DA7830}.RelWithDebInfo|x86.ActiveCfg = RelWithDebInfo|Win32
		{4601C393-40A2-3812-BB68-526BF7DA7830}.RelWithDebInfo|x86.Build.0 = RelWithDebInfo|Win32
		{C3F1137F-5C2B-3B99-A543-529BD1727ABB}.Debug|x86.ActiveCfg = Debug|Win32
		{C3F1137F-5C2B-3B99-A543-529BD1727ABB}.Debug|x86.Build.0 = Debug|Win32
		{C3F1137F-5C2B-3B99-A543-529BD1727ABB}.MinSizeRel|x86.ActiveCfg = MinSizeRel|Win32
		{C3F1137F-5C2B-3B99-A543-529BD1727ABB}.MinSizeRel|x86.Build.0 = MinSizeRel|Win32
		{C3F1137F-5C2B-3B99-A543-529BD1727ABB}.Release|x86.ActiveCfg = Release|Win32
		{C3F1137F-5C2B-3B99-A543-529BD1727ABB}.Release|x86.Build.0 = Release|Win32
		{C3F1137F-5C2B-3B99-A543-529BD1727ABB}.RelWithDebInfo|x86.ActiveCfg = RelWithDebInfo|Win32
		{C3F1137F-5C2B-3B99-A543-529BD1727ABB}.RelWithDebInfo|x86.Build.0 = RelWithDebInfo|Win32
		{EEB74357-3989-381B-8F51-67F43D558858}.Debug|x86.ActiveCfg = Debug|Win32
		{EEB74357-3989-381B-8F51-67F43D558858}.Debug|x86.Build.0 = Debug|Win32
		{EEB74357-3989-381B-8F51-67F43D558858}.MinSizeRel|x86.ActiveCfg = MinSizeRel|Win32
		{EEB74357-3989-381B-8F51-67F43D558858}.MinSizeRel|x86.Build.0 = MinSizeRel|Win32
		{EEB74357-3989-381B-8F51-67F43D558858}.Release|x86.ActiveCfg = Release|Win32
		{EEB74357-3989-381B-8F51-67F43D558858}.Release|x86.Build.0 = Release|Win32
		{EEB74357-3989-381B-8F51-67F43D558858}.RelWithDebInfo|x86.ActiveCfg = RelWithDebInfo|Win32
		{EEB74357-3989-381B-8F51-67F43D558858}.RelWithDebInfo|x86.Build.0 = RelWithDebInfo|Win32
		{AFBB7D47-A941-3D93-9A51-1EBF329ADBFB}.Debug|x86.ActiveCfg = Debug|Win32
		{AFBB7D47-A941-3D93-9A51-1EBF329ADBFB}.Debug|x86.Build.0 = Debug|Win32
		{AFBB7D47-A941-3D93-9A51-1EBF329ADBFB}.MinSizeRel|x86.ActiveCfg = MinSizeRel|Win32
		{AFBB7D47-A941-3D93-9A51-1EBF329ADBFB}.MinSizeRel|x86.Build.0 = MinSizeRel|Win32
		{AFBB7D47-A941-3D93-9A51-1EBF329ADBFB}.Release|x86.ActiveCfg = Release|Win32
		{AFBB7D47-A941-3D93-9A51-1EBF329ADBFB}.Release|x86.Build.0 = Release|Win32
		{AFBB7D47-A941-3D93-9A51-1EBF329ADBFB}.RelWithDebInfo|x86.ActiveCfg = RelWithDebInfo|Win32
		{AFBB7D47-A941-3D93-9A51-1EBF329ADBFB}.RelWithDebInfo|x86.Build.0 = RelWithDebInfo|Win32
		{82C21320-24B4-3F39-8665-CC7A91F56625}.Debug|x86.ActiveCfg = Debug|Win32
		{82C21320-24B4-3F39-8665-CC7A91F56625}.Debug|x86.Build.0 = Debug|Win32
		{82C21320-24B4-3F39-8665-CC7A91F56625}.MinSizeRel|x86.ActiveCfg = MinSizeRel|Win32
		{82C21320-24B4-3F39-8665-CC7A91F56625}.MinSizeRel|x86.Build.0 = MinSizeRel|Win32
		{82C21320-24B4-3F39-8665-CC7A91F56625}.Release|x86.ActiveCfg = Release|Win32
		{82C21320-24B4-3F39-8665-CC7A91F56625}.Release|x86.Build.0 = Release|Win32
		{82C21320-24B4-3F39-8665-CC7A91F56625}.RelWithDebInfo|x86.ActiveCfg = RelWithDebInfo|Win32
		{82C21320-24B4-3F39-8665-CC7A91F56625}.RelWithDebInfo|x86.Build.0 = RelWithDebInfo|Win32
		{E07C4741-FE0B-31CC-8B27-599821220F76}.Debug|x86.ActiveCfg = Debug|Win32
		{E07C4741-FE0B-31CC-8B27-599821220F76}.Debug|x86.Build.0 = Debug|Win32
		{E07C4741-FE0B-31CC-8B27-599821220F76}.MinSizeRel|x86.ActiveCfg = MinSizeRel|Win32
		{E07C4741-FE0B-31CC-8B27-599821220F76}.MinSizeRel|x86.Build.0 = MinSizeRel|Win32
		{E07C4741-FE0B-31CC-8B27-599821220F76}.Release|x86.ActiveCfg = Release|Win32
		{E07C4741-FE0B-31CC-8B27-599821220F76}.Release|x86.Build.0 = Release|Win32
		{E07C4741-FE0B-31CC-8B27-599821220F76}.RelWithDebInfo|x86.ActiveCfg = RelWithDebInfo|Win32
		{E07C4741-FE0B-31CC-8B27-599821220F76}.RelWithDebInfo|x86.Build.0 = RelWithDebInfo|Win32
		{A3A212A1-50B9-3F6A-87C9-9D662C5C944F}.Debug|x86.ActiveCfg = Debug|Win32
		{A3A212A1-50B9-3F6A-87C9-9D662C5C944F}.Debug|x86.Build.0 = Debug|Win32
		{A3A212A1-50B9-3F6A-87C9-9D662C5C944F}.MinSizeRel|x86.ActiveCfg = MinSizeRel|Win32
		{A3A212A1-50B9-3F6A-87C9-9D662C5C944F}.MinSizeRel|x86.Build.0 = MinSizeRel|Win32
		{A3A212A1-50B9-3F6A-87C9-9D662C5C944F}.Release|x86.ActiveCfg = Release|Win32
		{A3A212A1-50B9-3F6A-87C9-9D662C5C944F}.Release|x86.Build.0 = Release|Win32
		{A3A212A1-50B9-3F6A-87C9-9D662C5C944F}.RelWithDebInfo|x86.ActiveCfg = RelWithDebInfo|Win32
		{A3A212A1-50B9-3F6A-87C9-9D662C5C944F}.RelWithDebInfo|x86.Build.0 = RelWithDebInfo|Win32
		{6DE204EA-A714-302A-A1C8-3B5096F1F6C3}.Debug|x86.ActiveCfg = Debug|Win32
		{6DE204EA-A714-302A-A1C8-3B5096F1F6C3}.Debug|x86.Build.0 = Debug|Win32
		{6DE204EA-A714-302A-A1C8-3B5096F1F6C3}.MinSizeRel|x86.ActiveCfg = MinSizeRel|Win32
		{6DE204EA-A714-302A-A1C8-3B5096F1F6C3}.MinSizeRel|x86.Build.0 = MinSizeRel|Win32
		{6DE204EA-A714-302A-A1C8-3B5096F1F6C3}.Release|x86.ActiveCfg = Release|Win32
		{6DE204EA-A714-302A-A1C8-3B5096F1F6C3}.Release|x86.Build.0 = Release|Win32
		{6DE204EA-A714-302A-A1C8-3B5096F1F6C3}.RelWithDebInfo|x86.ActiveCfg = RelWithDebInfo|Win32
		{6DE204EA-A714-302A-A1C8-3B5096F1F6C3}.RelWithDebInfo|x86.Build.0 = RelWithDebInfo|Win32
		{E08819C6-85CD-3670-9443-7B6B77564122}.Debug|x86.ActiveCfg = Debug|Win32
		{E08819C6-85CD-3670-9443-7B6B77564122}.Debug|x86.Build.0 = Debug|Win32
		{E08819C6-85CD-3670-9443-7B6B77564122}.MinSizeRel|x86.ActiveCfg = MinSizeRel|Win32
		{E08819C6-85CD-3670-9443-7B6B77564122}.MinSizeRel|x86.Build.0 = MinSizeRel|Win32
		{E08819C6-85CD-3670-9443-7B6B77564122}.Release|x86.ActiveCfg = Release|Win32
		{E08819C6-85CD-3670-9443-7B6B77564122}.Release|x86.Build.0 = Release|Win32
		{E08819C6-85CD-3670-9443-7B6B77564122}.RelWithDebInfo|x86.ActiveCfg = RelWithDebInfo|Win32
		{E08819C6-85CD-3670-9443-7B6B77564122}.RelWithDebInfo|x86.Build.0 = RelWithDebInfo|Win32
		{02D6CED1-1DA1-33E4-91C7-E2FD8968CD01}.Debug|x86.ActiveCfg = Debug|Win32
		{02D6CED1-1DA1-33E4-91C7-E2FD8968CD01}.Debug|x86.Build.0 = Debug|Win32
		{02D6CED1-1DA1-33E4-91C7-E2FD8968CD01}.MinSizeRel|x86.ActiveCfg = MinSizeRel|Win32
		{02D6CED1-1DA1-33E4-91C7-E2FD8968CD01}.MinSizeRel|x86.Build.0 = MinSizeRel|Win32
		{02D6CED1-1DA1-33E4-91C7-E2FD8968CD01}.Release|x86.ActiveCfg = Release|Win32
		{02D6CED1-1DA1-33E4-91C7-E2FD8968CD01}.Release|x86.Build.0 = Release|Win32
		{02D6CED1-1DA1-33E4-91C7-E2FD8968CD01}.RelWithDebInfo|x86.ActiveCfg = RelWithDebInfo|Win32
		{02D6CED1-1DA1-33E4-91C7-E2FD8968CD01}.RelWithDebInfo|x86.Build.0 = RelWithDebInfo|Win32
		{762CD825-4A2D-31CE-9D41-AB08E147BDE6}.Debug|x86.ActiveCfg = Debug|Win32
		{762CD825-4A2D-31CE-9D41-AB08E147BDE6}.Debug|x86.Build.0 = Debug|Win32
		{762CD825-4A2D-31CE-9D41-AB08E147BDE6}.MinSizeRel|x86.ActiveCfg = MinSizeRel|Win32
		{762CD825-4A2D-31CE-9D41-AB08E147BDE6}.MinSizeRel|x86.Build.0 = MinSizeRel|Win32
		{762CD825-4A2D-31CE-9D41-AB08E147BDE6}.Release|x86.ActiveCfg = Release|Win32
		{762CD825-4A2D-31CE-9D41-AB08E147BDE6}.Release|x86.Build.0 = Release|Win32
		{762CD825-4A2D-31CE-9D41-AB08E147BDE6}.RelWithDebInfo|x86.ActiveCfg = RelWithDebInfo|Win32
		{762CD825-4A2D-31CE-9D41-AB08E147BDE6}.RelWithDebInfo|x86.Build.0 = RelWithDebInfo|Win32
		{0E2419E2-9979-3FFC-BF00-15B31184C2EB}.Debug|x86.ActiveCfg = Debug|Win32
		{0E2419E2-9979-3FFC-BF00-15B31184C2EB}.Debug|x86.Build.0 = Debug|Win32
		{0E2419E2-9979-3FFC-BF00-15B31184C2EB}.MinSizeRel|x86.ActiveCfg = MinSizeRel|Win32
		{0E2419E2-9979-3FFC-BF00-15B31184C2EB}.MinSizeRel|x86.Build.0 = MinSizeRel|Win32
		{0E2419E2-9979-3FFC-BF00-15B31184C2EB}.Release|x86.ActiveCfg = Release|Win32
		{0E2419E2-9979-3FFC-BF00-15B31184C2EB}.Release|x86.Build.0 = Release|Win32
		{0E2419E2-9979-3FFC-BF00-15B31184C2EB}.RelWithDebInfo|x86.ActiveCfg = RelWithDebInfo|Win32
		{0E2419E2-9979-3FFC-BF00-15B31184C2EB}.RelWithDebInfo|x86.Build.0 = RelWithDebInfo|Win32
		{FA0A6C0F-1D87-3DED-A4B6-575E2198ED29}.Debug|x86.ActiveCfg = Debug|Win32
		{FA0A6C0F-1D87-3DED-A4B6-575E2198ED29}.Debug|x86.Build.0 = Debug|Win32
		{FA0A6C0F-1D87-3DED-A4B6-575E2198ED29}.MinSizeRel|x86.ActiveCfg = MinSizeRel|Win32
		{FA0A6C0F-1D87-3DED-A4B6-575E2198ED29}.MinSizeRel|x86.Build.0 = MinSizeRel|Win32
		{FA0A6C0F-1D87-3DED-A4B6-575E2198ED29}.Release|x86.ActiveCfg = Release|Win32
		{FA0A6C0F-1D87-3DED-A4B6-575E2198ED29}.Release|x86.Build.0 = Release|Win32
		{FA0A6C0F-1D87-3DED-A4B6-575E2198ED29}.RelWithDebInfo|x86.ActiveCfg = RelWithDebInfo|Win32
		{FA0A6C0F-1D87-3DED-A4B6-575E2198ED29}.RelWithDebInfo|x86.Build.0 = RelWithDebInfo|Win32
		{8F479E1D-06CF-385D-9125-CB57A50DED98}.Debug|x86.ActiveCfg = Debug|Win32
		{8F479E1D-06CF-385D-9125-CB57A50DED98}.Debug|x86.Build.0 = Debug|Win32
		{8F479E1D-06CF-385D-9125-CB57A50DED98}.MinSizeRel|x86.ActiveCfg = MinSizeRel|Win32
		{8F479E1D-06CF-385D-9125-CB57A50DED98}.MinSizeRel|x86.Build.0 = MinSizeRel|Win32
		{8F479E1D-06CF-385D-9125-CB57A50DED98}.Release|x86.ActiveCfg = Release|Win32
		{8F479E1D-06CF-385D-9125-CB57A50DED98}.Release|x86.Build.0 = Release|Win32
		{8F479E1D-06CF-385D-9125-CB57A50DED98}.RelWithDebInfo|x86.ActiveCfg = RelWithDebInfo|Win32
		{8F479E1D-06CF-385D-9125-CB57A50DED98}.RelWithDebInfo|x86.Build.0 = RelWithDebInfo|Win32
		{6EC66112-FCCC-300D-A6F0-91C95D1B77F5}.Debug|x86.ActiveCfg = Debug|Win32
		{6EC66112-FCCC-300D-A6F0-91C95D1B77F5}.Debug|x86.Build.0 = Debug|Win32
		{6EC66112-FCCC-300D-A6F0-91C95D1B77F5}.MinSizeRel|x86.ActiveCfg = MinSizeRel|Win32
		{6EC66112-FCCC-300D-A6F0-91C95D1B77F5}.MinSizeRel|x86.Build.0 = MinSizeRel|Win32
		{6EC66112-FCCC-300D-A6F0-91C95D1B77F5}.Release|x86.ActiveCfg = Release|Win32
		{6EC66112-FCCC-300D-A6F0-91C95D1B77F5}.Release|x86.Build.0 = Release|Win32
		{6EC66112-FCCC-300D-A6F0-91C95D1B77F5}.RelWithDebInfo|x86.ActiveCfg = RelWithDebInfo|Win32
		{6EC66112-FCCC-300D-A6F0-91C95D1B77F5}.RelWithDebInfo|x86.Build.0 = RelWithDebInfo|Win32
		{63218269-AA15-3EBF-A7BB-7E9040E7E14F}.Debug|x86.ActiveCfg = Debug|Win32
		{63218269-AA15-3EBF-A7BB-7E9040E7E14F}.Debug|x86.Build.0 = Debug|Win32
		{63218269-AA15-3EBF-A7BB-7E9040E7E14F}.MinSizeRel|x86.ActiveCfg = MinSizeRel|Win32
		{63218269-AA15-3EBF-A7BB-7E9040E7E14F}.MinSizeRel|x86.Build.0 = MinSizeRel|Win32
		{63218269-AA15-3EBF-A7BB-7E9040E7E14F}.Release|x86.ActiveCfg = Release|Win32
		{63218269-AA15-3EBF-A7BB-7E9040E7E14F}.Release|x86.Build.0 = Release|Win32
		{63218269-AA15-3EBF-A7BB-7E9040E7E14F}.RelWithDebInfo|x86.ActiveCfg = RelWithDebInfo|Win32
		{63218269-AA15-3EBF-A7BB-7E9040E7E14F}.RelWithDebInfo|x86.Build.0 = RelWithDebInfo|Win32
		{8EA5D89A-2829-32B9-BB38-B8B105D5E3D1}.Debug|x86.ActiveCfg = Debug|Win32
		{8EA5D89A-2829-32B9-BB38-B8B105D5E3D1}.Debug|x86.Build.0 = Debug|Win32
		{8EA5D89A-2829-32B9-BB38-B8B105D5E3D1}.MinSizeRel|x86.ActiveCfg = MinSizeRel|Win32
		{8EA5D89A-2829-32B9-BB38-B8B105D5E3D1}.MinSizeRel|x86.Build.0 = MinSizeRel|Win32
		{8EA5D89A-2829-32B9-BB38-B8B105D5E3D1}.Release|x86.ActiveCfg = Release|Win32
		{8EA5D89A-2829-32B9-BB38-B8B105D5E3D1}.Release|x86.Build.0 = Release|Win32
		{8EA5D89A-2829-32B9-BB38-B8B105D5E3D1}.RelWithDebInfo|x86.ActiveCfg = RelWithDebInfo|Win32
		{8EA5D89A-2829-32B9-BB38-B8B105D5E3D1}.RelWithDebInfo|x86.Build.0 = RelWithDebInfo|Win32
		{3D801D1F-3787-36B0-87AC-EF77644D3017}.Debug|x86.ActiveCfg = Debug|Win32
		{3D801D1F-3787-36B0-87AC-EF77644D3017}.Debug|x86.Build.0 = Debug|Win32
		{3D801D1F-3787-36B0-87AC-EF77644D3017}.MinSizeRel|x86.ActiveCfg = MinSizeRel|Win32
		{3D801D1F-3787-36B0-87AC-EF77644D3017}.MinSizeRel|x86.Build.0 = MinSizeRel|Win32
		{3D801D1F-3787-36B0-87AC-EF77644D3017}.Release|x86.ActiveCfg = Release|Win32
		{3D801D1F-3787-36B0-87AC-EF77644D3017}.Release|x86.Build.0 = Release|Win32
		{3D801D1F-3787-36B0-87AC-EF77644D3017}.RelWithDebInfo|x86.ActiveCfg = RelWithDebInfo|Win32
		{3D801D1F-3787-36B0-87AC-EF77644D3017}.RelWithDebInfo|x86.Build.0 = RelWithDebInfo|Win32
		{B41FA0D0-EB3F-35A6-941F-5A8903CF6AF6}.Debug|x86.ActiveCfg = Debug|Win32
		{B41FA0D0-EB3F-35A6-941F-5A8903CF6AF6}.Debug|x86.Build.0 = Debug|Win32
		{B41FA0D0-EB3F-35A6-941F-5A8903CF6AF6}.MinSizeRel|x86.ActiveCfg = MinSizeRel|Win32
		{B41FA0D0-EB3F-35A6-941F-5A8903CF6AF6}.MinSizeRel|x86.Build.0 = MinSizeRel|Win32
		{B41FA0D0-EB3F-35A6-941F-5A8903CF6AF6}.Release|x86.ActiveCfg = Release|Win32
		{B41FA0D0-EB3F-35A6-941F-5A8903CF6AF6}.Release|x86.Build.0 = Release|Win32
		{B41FA0D0-EB3F-35A6-941F-5A8903CF6AF6}.RelWithDebInfo|x86.ActiveCfg = RelWithDebInfo|Win32
		{B41FA0D0-EB3F-35A6-941F-5A8903CF6AF6}.RelWithDebInfo|x86.Build.0 = RelWithDebInfo|Win32
		{F817CDE0-1E10-38F0-9D81-F0295E077FD6}.Debug|x86.ActiveCfg = Debug|Win32
		{F817CDE0-1E10-38F0-9D81-F0295E077FD6}.Debug|x86.Build.0 = Debug|Win32
		{F817CDE0-1E10-38F0-9D81-F0295E077FD6}.MinSizeRel|x86.ActiveCfg = MinSizeRel|Win32
		{F817CDE0-1E10-38F0-9D81-F0295E077FD6}.MinSizeRel|x86.Build.0 = MinSizeRel|Win32
		{F817CDE0-1E10-38F0-9D81-F0295E077FD6}.Release|x86.ActiveCfg = Release|Win32
		{F817CDE0-1E10-38F0-9D81-F0295E077FD6}.Release|x86.Build.0 = Release|Win32
		{F817CDE0-1E10-38F0-9D81-F0295E077FD6}.RelWithDebInfo|x86.ActiveCfg = RelWithDebInfo|Win32
		{F817CDE0-1E10-38F0-9D81-F0295E077FD6}.RelWithDebInfo|x86.Build.0 = RelWithDebInfo|Win32
		{D412114F-A382-35EB-9824-20C86C4DD50A}.Debug|x86.ActiveCfg = Debug|Win32
		{D412114F-A382-35EB-9824-20C86C4DD50A}.Debug|x86.Build.0 = Debug|Win32
		{D412114F-A382-35EB-9824-20C86C4DD50A}.MinSizeRel|x86.ActiveCfg = MinSizeRel|Win32
		{D412114F-A382-35EB-9824-20C86C4DD50A}.MinSizeRel|x86.Build.0 = MinSizeRel|Win32
		{D412114F-A382-35EB-9824-20C86C4DD50A}.Release|x86.ActiveCfg = Release|Win32
		{D412114F-A382-35EB-9824-20C86C4DD50A}.Release|x86.Build.0 = Release|Win32
		{D412114F-A382-35EB-9824-20C86C4DD50A}.RelWithDebInfo|x86.ActiveCfg = RelWithDebInfo|Win32
		{D412114F-A382-35EB-9824-20C86C4DD50A}.RelWithDebInfo|x86.Build.0 = RelWithDebInfo|Win32
		{F79EBDA3-CDB2-3800-B33F-B0EDA850C7DD}.Debug|x86.ActiveCfg = Debug|Win32
		{F79EBDA3-CDB2-3800-B33F-B0EDA850C7DD}.Debug|x86.Build.0 = Debug|Win32
		{F79EBDA3-CDB2-3800-B33F-B0EDA850C7DD}.MinSizeRel|x86.ActiveCfg = MinSizeRel|Win32
		{F79EBDA3-CDB2-3800-B33F-B0EDA850C7DD}.MinSizeRel|x86.Build.0 = MinSizeRel|Win32
		{F79EBDA3-CDB2-3800-B33F-B0EDA850C7DD}.Release|x86.ActiveCfg = Release|Win32
		{F79EBDA3-CDB2-3800-B33F-B0EDA850C7DD}.Release|x86.Build.0 = Release|Win32
		{F79EBDA3-CDB2-3800-B33F-B0EDA850C7DD}.RelWithDebInfo|x86.ActiveCfg = RelWithDebInfo|Win32
		{F79EBDA3-CDB2-3800-B33F-B0EDA850C7DD}.RelWithDebInfo|x86.Build.0 = RelWithDebInfo|Win32
		{FE413046-B37E-319D-99EA-806F44B3C1A1}.Debug|x86.ActiveCfg = Debug|Win32
		{FE413046-B37E-319D-99EA-806F44B3C1A1}.Debug|x86.Build.0 = Debug|Win32
		{FE413046-B37E-319D-99EA-806F44B3C1A1}.MinSizeRel|x86.ActiveCfg = MinSizeRel|Win32
		{FE413046-B37E-319D-99EA-806F44B3C1A1}.MinSizeRel|x86.Build.0 = MinSizeRel|Win32
		{FE413046-B37E-319D-99EA-806F44B3C1A1}.Release|x86.ActiveCfg = Release|Win32
		{FE413046-B37E-319D-99EA-806F44B3C1A1}.Release|x86.Build.0 = Release|Win32
		{FE413046-B37E-319D-99EA-806F44B3C1A1}.RelWithDebInfo|x86.ActiveCfg = RelWithDebInfo|Win32
		{FE413046-B37E-319D-99EA-806F44B3C1A1}.RelWithDebInfo|x86.Build.0 = RelWithDebInfo|Win32
		{A5CD43A3-C7C3-3655-B6D4-0C9541CC10A0}.Debug|x86.ActiveCfg = Debug|Win32
		{A5CD43A3-C7C3-3655-B6D4-0C9541CC10A0}.Debug|x86.Build.0 = Debug|Win32
		{A5CD43A3-C7C3-3655-B6D4-0C9541CC10A0}.MinSizeRel|x86.ActiveCfg = MinSizeRel|Win32
		{A5CD43A3-C7C3-3655-B6D4-0C9541CC10A0}.MinSizeRel|x86.Build.0 = MinSizeRel|Win32
		{A5CD43A3-C7C3-3655-B6D4-0C9541CC10A0}.Release|x86.ActiveCfg = Release|Win32
		{A5CD43A3-C7C3-3655-B6D4-0C9541CC10A0}.Release|x86.Build.0 = Release|Win32
		{A5CD43A3-C7C3-3655-B6D4-0C9541CC10A0}.RelWithDebInfo|x86.ActiveCfg = RelWithDebInfo|Win32
		{A5CD43A3-C7C3-3655-B6D4-0C9541CC10A0}.RelWithDebInfo|x86.Build.0 = RelWithDebInfo|Win32
		{612E9A55-AF1F-337A-AF27-5CDFB41D5629}.Debug|x86.ActiveCfg = Debug|Win32
		{612E9A55-AF1F-337A-AF27-5CDFB41D5629}.Debug|x86.Build.0 = Debug|Win32
		{612E9A55-AF1F-337A-AF27-5CDFB41D5629}.MinSizeRel|x86.ActiveCfg = MinSizeRel|Win32
		{612E9A55-AF1F-337A-AF27-5CDFB41D5629}.MinSizeRel|x86.Build.0 = MinSizeRel|Win32
		{612E9A55-AF1F-337A-AF27-5CDFB41D5629}.Release|x86.ActiveCfg = Release|Win32
		{612E9A55-AF1F-337A-AF27-5CDFB41D5629}.Release|x86.Build.0 = Release|Win32
		{612E9A55-AF1F-337A-AF27-5CDFB41D5629}.RelWithDebInfo|x86.ActiveCfg = RelWithDebInfo|Win32
		{612E9A55-AF1F-337A-AF27-5CDFB41D5629}.RelWithDebInfo|x86.Build.0 = RelWithDebInfo|Win32
		{E1742BEB-E956-3851-B2BB-8FE76F177488}.Debug|x86.ActiveCfg = Debug|Win32
		{E1742BEB-E956-3851-B2BB-8FE76F177488}.MinSizeRel|x86.ActiveCfg = MinSizeRel|Win32
		{E1742BEB-E956-3851-B2BB-8FE76F177488}.MinSizeRel|x86.Build.0 = MinSizeRel|Win32
		{E1742BEB-E956-3851-B2BB-8FE76F177488}.Release|x86.ActiveCfg = Release|Win32
		{E1742BEB-E956-3851-B2BB-8FE76F177488}.Release|x86.Build.0 = Release|Win32
		{E1742BEB-E956-3851-B2BB-8FE76F177488}.RelWithDebInfo|x86.ActiveCfg = RelWithDebInfo|Win32
		{E1742BEB-E956-3851-B2BB-8FE76F177488}.RelWithDebInfo|x86.Build.0 = RelWithDebInfo|Win32
		{7B89882D-8CF6-3F35-8B53-E10FB9383DB4}.Debug|x86.ActiveCfg = Debug|Win32
		{7B89882D-8CF6-3F35-8B53-E10FB9383DB4}.Debug|x86.Build.0 = Debug|Win32
		{7B89882D-8CF6-3F35-8B53-E10FB9383DB4}.MinSizeRel|x86.ActiveCfg = MinSizeRel|Win32
		{7B89882D-8CF6-3F35-8B53-E10FB9383DB4}.MinSizeRel|x86.Build.0 = MinSizeRel|Win32
		{7B89882D-8CF6-3F35-8B53-E10FB9383DB4}.Release|x86.ActiveCfg = Release|Win32
		{7B89882D-8CF6-3F35-8B53-E10FB9383DB4}.Release|x86.Build.0 = Release|Win32
		{7B89882D-8CF6-3F35-8B53-E10FB9383DB4}.RelWithDebInfo|x86.ActiveCfg = RelWithDebInfo|Win32
		{7B89882D-8CF6-3F35-8B53-E10FB9383DB4}.RelWithDebInfo|x86.Build.0 = RelWithDebInfo|Win32
		{D4C3A7A9-63A8-39A7-B3A0-B7B34A7D80FD}.Debug|x86.ActiveCfg = Debug|Win32
		{D4C3A7A9-63A8-39A7-B3A0-B7B34A7D80FD}.Debug|x86.Build.0 = Debug|Win32
		{D4C3A7A9-63A8-39A7-B3A0-B7B34A7D80FD}.MinSizeRel|x86.ActiveCfg = MinSizeRel|Win32
		{D4C3A7A9-63A8-39A7-B3A0-B7B34A7D80FD}.MinSizeRel|x86.Build.0 = MinSizeRel|Win32
		{D4C3A7A9-63A8-39A7-B3A0-B7B34A7D80FD}.Release|x86.ActiveCfg = Release|Win32
		{D4C3A7A9-63A8-39A7-B3A0-B7B34A7D80FD}.Release|x86.Build.0 = Release|Win32
		{D4C3A7A9-63A8-39A7-B3A0-B7B34A7D80FD}.RelWithDebInfo|x86.ActiveCfg = RelWithDebInfo|Win32
		{D4C3A7A9-63A8-39A7-B3A0-B7B34A7D80FD}.RelWithDebInfo|x86.Build.0 = RelWithDebInfo|Win32
	EndGlobalSection
	GlobalSection(SolutionProperties) = preSolution
		HideSolutionNode = FALSE
	EndGlobalSection
	GlobalSection(NestedProjects) = preSolution
		{84C50E87-39DA-40A3-8A0A-D0559508C061} = {83D1B44B-D6A6-4841-94A5-5046D3EAA12F}
		{196475AA-FE9E-3357-9F07-37C49EFC4BAA} = {C6218D73-19D9-4400-A20B-525A92BD39D8}
		{C6218D73-19D9-4400-A20B-525A92BD39D8} = {83D1B44B-D6A6-4841-94A5-5046D3EAA12F}
		{98F8C477-F6FF-3BAB-B901-E44EF085D173} = {84C50E87-39DA-40A3-8A0A-D0559508C061}
		{4601C393-40A2-3812-BB68-526BF7DA7830} = {1AC7A70A-CA95-43EF-91F0-59CAF2A1AAA7}
		{C3F1137F-5C2B-3B99-A543-529BD1727ABB} = {C6218D73-19D9-4400-A20B-525A92BD39D8}
		{46E52240-6058-4D33-8B8D-9B883CB38D85} = {84C50E87-39DA-40A3-8A0A-D0559508C061}
		{EEB74357-3989-381B-8F51-67F43D558858} = {46E52240-6058-4D33-8B8D-9B883CB38D85}
		{AFBB7D47-A941-3D93-9A51-1EBF329ADBFB} = {C6218D73-19D9-4400-A20B-525A92BD39D8}
		{82C21320-24B4-3F39-8665-CC7A91F56625} = {46E52240-6058-4D33-8B8D-9B883CB38D85}
		{E07C4741-FE0B-31CC-8B27-599821220F76} = {84C50E87-39DA-40A3-8A0A-D0559508C061}
		{A3A212A1-50B9-3F6A-87C9-9D662C5C944F} = {46E52240-6058-4D33-8B8D-9B883CB38D85}
		{6DE204EA-A714-302A-A1C8-3B5096F1F6C3} = {C6218D73-19D9-4400-A20B-525A92BD39D8}
		{E08819C6-85CD-3670-9443-7B6B77564122} = {C6218D73-19D9-4400-A20B-525A92BD39D8}
		{02D6CED1-1DA1-33E4-91C7-E2FD8968CD01} = {83D1B44B-D6A6-4841-94A5-5046D3EAA12F}
		{762CD825-4A2D-31CE-9D41-AB08E147BDE6} = {83D1B44B-D6A6-4841-94A5-5046D3EAA12F}
		{0E2419E2-9979-3FFC-BF00-15B31184C2EB} = {83D1B44B-D6A6-4841-94A5-5046D3EAA12F}
		{FA0A6C0F-1D87-3DED-A4B6-575E2198ED29} = {C6218D73-19D9-4400-A20B-525A92BD39D8}
		{8F479E1D-06CF-385D-9125-CB57A50DED98} = {C6218D73-19D9-4400-A20B-525A92BD39D8}
		{6EC66112-FCCC-300D-A6F0-91C95D1B77F5} = {1AC7A70A-CA95-43EF-91F0-59CAF2A1AAA7}
		{1AC7A70A-CA95-43EF-91F0-59CAF2A1AAA7} = {84C50E87-39DA-40A3-8A0A-D0559508C061}
		{63218269-AA15-3EBF-A7BB-7E9040E7E14F} = {84C50E87-39DA-40A3-8A0A-D0559508C061}
		{8EA5D89A-2829-32B9-BB38-B8B105D5E3D1} = {84C50E87-39DA-40A3-8A0A-D0559508C061}
		{3D801D1F-3787-36B0-87AC-EF77644D3017} = {84C50E87-39DA-40A3-8A0A-D0559508C061}
		{B41FA0D0-EB3F-35A6-941F-5A8903CF6AF6} = {84C50E87-39DA-40A3-8A0A-D0559508C061}
		{F817CDE0-1E10-38F0-9D81-F0295E077FD6} = {84C50E87-39DA-40A3-8A0A-D0559508C061}
		{D412114F-A382-35EB-9824-20C86C4DD50A} = {84C50E87-39DA-40A3-8A0A-D0559508C061}
		{F79EBDA3-CDB2-3800-B33F-B0EDA850C7DD} = {84C50E87-39DA-40A3-8A0A-D0559508C061}
		{FE413046-B37E-319D-99EA-806F44B3C1A1} = {84C50E87-39DA-40A3-8A0A-D0559508C061}
		{A5CD43A3-C7C3-3655-B6D4-0C9541CC10A0} = {C6218D73-19D9-4400-A20B-525A92BD39D8}
		{612E9A55-AF1F-337A-AF27-5CDFB41D5629} = {46E52240-6058-4D33-8B8D-9B883CB38D85}
		{E1742BEB-E956-3851-B2BB-8FE76F177488} = {84C50E87-39DA-40A3-8A0A-D0559508C061}
		{7B89882D-8CF6-3F35-8B53-E10FB9383DB4} = {84C50E87-39DA-40A3-8A0A-D0559508C061}
		{D4C3A7A9-63A8-39A7-B3A0-B7B34A7D80FD} = {84C50E87-39DA-40A3-8A0A-D0559508C061}
	EndGlobalSection
	GlobalSection(ExtensibilityGlobals) = postSolution
		SolutionGuid = {48589298-9FB4-4D03-B578-F12CD264DFAC}
	EndGlobalSection
EndGlobal
