<?xml version="1.0" encoding="utf-8"?>
<Project ToolsVersion="4.0" xmlns="http://schemas.microsoft.com/developer/msbuild/2003">
  <ItemGroup>
    <Filter Include="sources">
      <UniqueIdentifier>{8b5f61ba-e565-42a9-9f92-bcf613f85349}</UniqueIdentifier>
    </Filter>
    <Filter Include="headers">
      <UniqueIdentifier>{47ea1f28-a4bf-4dae-85ea-e63cebc03b0b}</UniqueIdentifier>
    </Filter>
  </ItemGroup>
  <ItemGroup>
    <ClCompile Include="entry.cpp" />
    <ClCompile Include="sources\audio.cpp">
      <Filter>sources</Filter>
    </ClCompile>
    <ClCompile Include="sources\extension.cpp">
      <Filter>sources</Filter>
    </ClCompile>
    <ClCompile Include="sources\scene.cpp">
      <Filter>sources</Filter>
    </ClCompile>
    <ClCompile Include="sources\source.cpp">
      <Filter>sources</Filter>
    </ClCompile>
    <ClCompile Include="sources\video.cpp">
      <Filter>sources</Filter>
    </ClCompile>
    <ClCompile Include="sources\scene-item.cpp">
      <Filter>sources</Filter>
    </ClCompile>
  </ItemGroup>
  <ItemGroup>
    <ClInclude Include="shared.h" />
    <ClInclude Include="headers\audio.h">
      <Filter>headers</Filter>
    </ClInclude>
    <ClInclude Include="headers\extension.h">
      <Filter>headers</Filter>
    </ClInclude>
    <ClInclude Include="headers\scene.h">
      <Filter>headers</Filter>
    </ClInclude>
    <ClInclude Include="headers\source.h">
      <Filter>headers</Filter>
    </ClInclude>
    <ClInclude Include="headers\video.h">
      <Filter>headers</Filter>
    </ClInclude>
    <ClInclude Include="headers\scene-item.h">
      <Filter>headers</Filter>
    </ClInclude>
  </ItemGroup>
</Project>