<?xml version="1.0" encoding="utf-8"?>
<Project ToolsVersion="4.0" xmlns="http://schemas.microsoft.com/developer/msbuild/2003">
  <ItemGroup>
    <Filter Include="extension">
      <UniqueIdentifier>{d293956a-ef76-4263-a3ed-b66629f93ba5}</UniqueIdentifier>
    </Filter>
    <Filter Include="extension\headers">
      <UniqueIdentifier>{93995380-89BD-4b04-88EB-625FBE52EBFB}</UniqueIdentifier>
      <Extensions>h;hh;hpp;hxx;hm;inl;inc;xsd</Extensions>
    </Filter>
    <Filter Include="extension\sources">
      <UniqueIdentifier>{4FC737F1-C7A5-4376-A066-2A32D752A2FF}</UniqueIdentifier>
      <Extensions>cpp;c;cc;cxx;def;odl;idl;hpj;bat;asm;asmx</Extensions>
    </Filter>
  </ItemGroup>
  <ItemGroup>
    <ClCompile Include="entry.cpp" />
    <ClCompile Include="audio.cpp">
      <Filter>extension\sources</Filter>
    </ClCompile>
    <ClCompile Include="extension.cpp">
      <Filter>extension\sources</Filter>
    </ClCompile>
    <ClCompile Include="scene.cpp">
      <Filter>extension\sources</Filter>
    </ClCompile>
    <ClCompile Include="sceneItem.cpp">
      <Filter>extension\sources</Filter>
    </ClCompile>
    <ClCompile Include="source.cpp">
      <Filter>extension\sources</Filter>
    </ClCompile>
    <ClCompile Include="video.cpp">
      <Filter>extension\sources</Filter>
    </ClCompile>
  </ItemGroup>
  <ItemGroup>
    <ClInclude Include="shared.h">
      <Filter>extension</Filter>
    </ClInclude>
    <ClInclude Include="audio.h">
      <Filter>extension\headers</Filter>
    </ClInclude>
    <ClInclude Include="extension.h">
      <Filter>extension\headers</Filter>
    </ClInclude>
    <ClInclude Include="scene.h">
      <Filter>extension\headers</Filter>
    </ClInclude>
    <ClInclude Include="sceneItem.h">
      <Filter>extension\headers</Filter>
    </ClInclude>
    <ClInclude Include="source.h">
      <Filter>extension\headers</Filter>
    </ClInclude>
    <ClInclude Include="video.h">
      <Filter>extension\headers</Filter>
    </ClInclude>
  </ItemGroup>
</Project>